// !$*UTF8*$!
{
	archiveVersion = 1;
	classes = {
	};
	objectVersion = 55;
	objects = {

/* Begin PBXBuildFile section */
		281A893D2E69B7890002D56C /* FeedbackErrorApp.swift in Sources */ = {isa = PBXBuildFile; fileRef = 281A89392E69B7890002D56C /* FeedbackErrorApp.swift */; };
		281A89432E69B7970002D56C /* FeedbackFlowApp.swift in Sources */ = {isa = PBXBuildFile; fileRef = 281A89412E69B7970002D56C /* FeedbackFlowApp.swift */; };
		281F2AA82E81F01A00D4665A /* Adapters in Frameworks */ = {isa = PBXBuildFile; productRef = 288EC1292E7B40E200544CCE /* Adapters */; };
		284015572EF98A05003EEDEF /* Adapters in Frameworks */ = {isa = PBXBuildFile; productRef = C3E527932EA8AC6C005FECFC /* Adapters */; };
		2843B5232E69A39800274A6F /* InfoPlist in Frameworks */ = {isa = PBXBuildFile; productRef = 28D8883B2E6788FF00F0B6BE /* InfoPlist */; };
		284ACA392E919E00008F01D0 /* (null) in Frameworks */ = {isa = PBXBuildFile; };
		284ACA3A2E919E00008F01D0 /* (null) in Frameworks */ = {isa = PBXBuildFile; };
		284ACA3B2E919E00008F01D0 /* (null) in Frameworks */ = {isa = PBXBuildFile; };
		284ACA3C2E919E00008F01D0 /* (null) in Frameworks */ = {isa = PBXBuildFile; };
		284ACA3D2E919E00008F01D0 /* (null) in Frameworks */ = {isa = PBXBuildFile; };
		285E15C32E69BEF500C1B766 /* AppIcon.icon in Resources */ = {isa = PBXBuildFile; fileRef = 28DB6A3A2E5E054700F90EA0 /* AppIcon.icon */; };
		285E15C52E69C28800C1B766 /* RootFeature in Frameworks */ = {isa = PBXBuildFile; productRef = 285E15C42E69C28800C1B766 /* RootFeature */; };
		285E15C62E69C93000C1B766 /* AppIcon.icon in Resources */ = {isa = PBXBuildFile; fileRef = 28DB6A3A2E5E054700F90EA0 /* AppIcon.icon */; };
		287B6F8A2E698B55003A419C /* AppDelegate.swift in Sources */ = {isa = PBXBuildFile; fileRef = 7AB225402D7B2B89002BEF81 /* AppDelegate.swift */; };
		287B6F8B2E698B55003A419C /* FeedbackApp.swift in Sources */ = {isa = PBXBuildFile; fileRef = B1057F372843FD8600B9EE2F /* FeedbackApp.swift */; };
		287B6F8C2E698B55003A419C /* DebugMenuView.swift in Sources */ = {isa = PBXBuildFile; fileRef = 7AC03C252D7A4CE6009A06C7 /* DebugMenuView.swift */; };
		2889A6AC2E8EB67100561B5A /* FeedbackFlow in Frameworks */ = {isa = PBXBuildFile; productRef = 285F02882C12328F00AE8942 /* FeedbackFlow */; };
		28A050072E786F9E00CC7316 /* RootFeature in Frameworks */ = {isa = PBXBuildFile; productRef = 28A050002E786F9E00CC7316 /* RootFeature */; };
		28A050092E786F9E00CC7316 /* AppIcon.icon in Resources */ = {isa = PBXBuildFile; fileRef = 28DB6A3A2E5E054700F90EA0 /* AppIcon.icon */; };
		28A0500A2E786F9E00CC7316 /* Launch Screen.storyboard in Resources */ = {isa = PBXBuildFile; fileRef = 7A034FDF2D9AC93B0059C6F3 /* Launch Screen.storyboard */; };
		28A0500B2E786F9E00CC7316 /* Localizable.xcstrings in Resources */ = {isa = PBXBuildFile; fileRef = 7ABEBB622D5F7317002E0FE5 /* Localizable.xcstrings */; };
		28A0500C2E786F9E00CC7316 /* Preview Assets.xcassets in Resources */ = {isa = PBXBuildFile; fileRef = B1057F3E2843FD8700B9EE2F /* Preview Assets.xcassets */; };
		28A0500D2E786F9E00CC7316 /* Assets.xcassets in Resources */ = {isa = PBXBuildFile; fileRef = B1057F3B2843FD8700B9EE2F /* Assets.xcassets */; };
		28A050162E786FEB00CC7316 /* QuestionPickerApp.swift in Sources */ = {isa = PBXBuildFile; fileRef = 28A050142E786FCA00CC7316 /* QuestionPickerApp.swift */; };
		28A050192E788FDB00CC7316 /* AppCore in Frameworks */ = {isa = PBXBuildFile; productRef = 7A7E44EE2DE85B4800B3C4C4 /* AppCore */; };
		28A0501B2E788FDB00CC7316 /* FeedbackFlowFeature in Frameworks */ = {isa = PBXBuildFile; productRef = 7A7D2D852E13D184008B31F0 /* FeedbackFlowFeature */; };
		28A0501C2E788FDB00CC7316 /* FeedbackFlow in Frameworks */ = {isa = PBXBuildFile; productRef = 28A04FFE2E786F9E00CC7316 /* FeedbackFlow */; };
		28A0501D2E788FDB00CC7316 /* FeedbackFlowFeature in Frameworks */ = {isa = PBXBuildFile; productRef = 28A04FFF2E786F9E00CC7316 /* FeedbackFlowFeature */; };
		28D888422E6788FF00F0B6BE /* RootFeature in Frameworks */ = {isa = PBXBuildFile; productRef = 28D8883C2E6788FF00F0B6BE /* RootFeature */; };
		28D888442E6788FF00F0B6BE /* Launch Screen.storyboard in Resources */ = {isa = PBXBuildFile; fileRef = 7A034FDF2D9AC93B0059C6F3 /* Launch Screen.storyboard */; };
		28D888452E6788FF00F0B6BE /* Localizable.xcstrings in Resources */ = {isa = PBXBuildFile; fileRef = 7ABEBB622D5F7317002E0FE5 /* Localizable.xcstrings */; };
		28D888462E6788FF00F0B6BE /* Preview Assets.xcassets in Resources */ = {isa = PBXBuildFile; fileRef = B1057F3E2843FD8700B9EE2F /* Preview Assets.xcassets */; };
		28D888472E6788FF00F0B6BE /* Assets.xcassets in Resources */ = {isa = PBXBuildFile; fileRef = B1057F3B2843FD8700B9EE2F /* Assets.xcassets */; };
		28D888512E67897800F0B6BE /* AppIcon.icon in Resources */ = {isa = PBXBuildFile; fileRef = 28DB6A3A2E5E054700F90EA0 /* AppIcon.icon */; };
		7A49F5272DD5F97D00FF5B86 /* Assets.xcassets in Resources */ = {isa = PBXBuildFile; fileRef = B1057F3B2843FD8700B9EE2F /* Assets.xcassets */; };
		7A49F5282DD5F99200FF5B86 /* Preview Assets.xcassets in Resources */ = {isa = PBXBuildFile; fileRef = B1057F3E2843FD8700B9EE2F /* Preview Assets.xcassets */; };
		7A49F5292DD5F99200FF5B86 /* Localizable.xcstrings in Resources */ = {isa = PBXBuildFile; fileRef = 7ABEBB622D5F7317002E0FE5 /* Localizable.xcstrings */; };
		7A49F52A2DD5F99200FF5B86 /* Launch Screen.storyboard in Resources */ = {isa = PBXBuildFile; fileRef = 7A034FDF2D9AC93B0059C6F3 /* Launch Screen.storyboard */; };
		7ABB22262E17F061006B6865 /* RootFeature in Frameworks */ = {isa = PBXBuildFile; productRef = 7ABB22252E17F061006B6865 /* RootFeature */; };
		C30B1C4E2EB611E6000E4AAA /* ApiClientMock.swift in Sources */ = {isa = PBXBuildFile; fileRef = C30B1C4B2EB611E6000E4AAA /* ApiClientMock.swift */; };
		C30B1C4F2EB611E6000E4AAA /* AppMockApp.swift in Sources */ = {isa = PBXBuildFile; fileRef = C30B1C4C2EB611E6000E4AAA /* AppMockApp.swift */; };
		C3E5279A2EA8AC6C005FECFC /* InfoPlist in Frameworks */ = {isa = PBXBuildFile; productRef = C3E527912EA8AC6C005FECFC /* InfoPlist */; };
		C3E5279B2EA8AC6C005FECFC /* RootFeature in Frameworks */ = {isa = PBXBuildFile; productRef = C3E527922EA8AC6C005FECFC /* RootFeature */; };
		C3E5279D2EA8AC6C005FECFC /* AppIcon.icon in Resources */ = {isa = PBXBuildFile; fileRef = 28DB6A3A2E5E054700F90EA0 /* AppIcon.icon */; };
		C3E5279E2EA8AC6C005FECFC /* Launch Screen.storyboard in Resources */ = {isa = PBXBuildFile; fileRef = 7A034FDF2D9AC93B0059C6F3 /* Launch Screen.storyboard */; };
		C3E5279F2EA8AC6C005FECFC /* Localizable.xcstrings in Resources */ = {isa = PBXBuildFile; fileRef = 7ABEBB622D5F7317002E0FE5 /* Localizable.xcstrings */; };
		C3E527A02EA8AC6C005FECFC /* Preview Assets.xcassets in Resources */ = {isa = PBXBuildFile; fileRef = B1057F3E2843FD8700B9EE2F /* Preview Assets.xcassets */; };
		C3E527A12EA8AC6C005FECFC /* Assets.xcassets in Resources */ = {isa = PBXBuildFile; fileRef = B1057F3B2843FD8700B9EE2F /* Assets.xcassets */; };
/* End PBXBuildFile section */

/* Begin PBXCopyFilesBuildPhase section */
		C3E5277F2EA8AC2B005FECFC /* Embed Frameworks */ = {
			isa = PBXCopyFilesBuildPhase;
			buildActionMask = 2147483647;
			dstPath = "";
			dstSubfolderSpec = 10;
			files = (
			);
			name = "Embed Frameworks";
			runOnlyForDeploymentPostprocessing = 0;
		};
		C3E527A52EA8AC6C005FECFC /* Embed Frameworks */ = {
			isa = PBXCopyFilesBuildPhase;
			buildActionMask = 2147483647;
			dstPath = "";
			dstSubfolderSpec = 10;
			files = (
			);
			name = "Embed Frameworks";
			runOnlyForDeploymentPostprocessing = 0;
		};
/* End PBXCopyFilesBuildPhase section */

/* Begin PBXFileReference section */
		281A89392E69B7890002D56C /* FeedbackErrorApp.swift */ = {isa = PBXFileReference; lastKnownFileType = sourcecode.swift; path = FeedbackErrorApp.swift; sourceTree = "<group>"; };
		281A89412E69B7970002D56C /* FeedbackFlowApp.swift */ = {isa = PBXFileReference; lastKnownFileType = sourcecode.swift; path = FeedbackFlowApp.swift; sourceTree = "<group>"; };
		281A89442E69B7A90002D56C /* Info.plist */ = {isa = PBXFileReference; lastKnownFileType = text.plist.xml; path = Info.plist; sourceTree = "<group>"; };
		281A89462E69B7AC0002D56C /* debugProduction.xcconfig */ = {isa = PBXFileReference; lastKnownFileType = text.xcconfig; path = debugProduction.xcconfig; sourceTree = "<group>"; };
		281A89472E69B7AC0002D56C /* default.xcconfig */ = {isa = PBXFileReference; lastKnownFileType = text.xcconfig; path = default.xcconfig; sourceTree = "<group>"; };
		281A89482E69B7AC0002D56C /* localhost.xcconfig */ = {isa = PBXFileReference; lastKnownFileType = text.xcconfig; path = localhost.xcconfig; sourceTree = "<group>"; };
		281A89492E69B7AC0002D56C /* production.xcconfig */ = {isa = PBXFileReference; lastKnownFileType = text.xcconfig; path = production.xcconfig; sourceTree = "<group>"; };
		284ACB252E92FF65008F01D0 /* ci_pre_xcodebuild.sh */ = {isa = PBXFileReference; lastKnownFileType = text.script.sh; path = ci_pre_xcodebuild.sh; sourceTree = "<group>"; };
		2853098C2F49FE6C005BBA07 /* AGENTS.md */ = {isa = PBXFileReference; lastKnownFileType = net.daringfireball.markdown; path = AGENTS.md; sourceTree = "<group>"; };
		287B6F862E68ADC1003A419C /* UnitTests.xctestplan */ = {isa = PBXFileReference; lastKnownFileType = text; path = UnitTests.xctestplan; sourceTree = "<group>"; };
		28A050122E786F9E00CC7316 /* Preview App Question Picker.app */ = {isa = PBXFileReference; explicitFileType = wrapper.application; includeInIndex = 0; path = "Preview App Question Picker.app"; sourceTree = BUILT_PRODUCTS_DIR; };
		28A050142E786FCA00CC7316 /* QuestionPickerApp.swift */ = {isa = PBXFileReference; lastKnownFileType = sourcecode.swift; path = QuestionPickerApp.swift; sourceTree = "<group>"; };
		28A0501E2E78910A00CC7316 /* .swiftlint.yml */ = {isa = PBXFileReference; lastKnownFileType = text.yaml; path = .swiftlint.yml; sourceTree = "<group>"; };
		28BDE9D92E918A2C00BFD81D /* ci_post_clone.sh */ = {isa = PBXFileReference; lastKnownFileType = text.script.sh; path = ci_post_clone.sh; sourceTree = "<group>"; };
		28D8884C2E6788FF00F0B6BE /* App.app */ = {isa = PBXFileReference; explicitFileType = wrapper.application; includeInIndex = 0; path = App.app; sourceTree = BUILT_PRODUCTS_DIR; };
		28DB6A3A2E5E054700F90EA0 /* AppIcon.icon */ = {isa = PBXFileReference; lastKnownFileType = folder.iconcomposer.icon; path = AppIcon.icon; sourceTree = "<group>"; };
		7A034FDF2D9AC93B0059C6F3 /* Launch Screen.storyboard */ = {isa = PBXFileReference; lastKnownFileType = file.storyboard; path = "Launch Screen.storyboard"; sourceTree = "<group>"; };
		7A7E44E22DE85B0C00B3C4C4 /* Preview App Error.app */ = {isa = PBXFileReference; explicitFileType = wrapper.application; includeInIndex = 0; path = "Preview App Error.app"; sourceTree = BUILT_PRODUCTS_DIR; };
		7A9E6BAD2DC4ECEB005F4828 /* Preview App Feedback Flow.app */ = {isa = PBXFileReference; explicitFileType = wrapper.application; includeInIndex = 0; path = "Preview App Feedback Flow.app"; sourceTree = BUILT_PRODUCTS_DIR; };
		7A9E6BAE2DC4ECEB005F4828 /* Auto_Lint.framework */ = {isa = PBXFileReference; explicitFileType = wrapper.framework; includeInIndex = 0; path = Auto_Lint.framework; sourceTree = BUILT_PRODUCTS_DIR; };
		7A9E6BAF2DC4ECEB005F4828 /* Fetch_OpenApi.framework */ = {isa = PBXFileReference; explicitFileType = wrapper.framework; includeInIndex = 0; path = Fetch_OpenApi.framework; sourceTree = BUILT_PRODUCTS_DIR; };
		7A9E6BB32DC51EB7005F4828 /* Entitlements.entitlements */ = {isa = PBXFileReference; lastKnownFileType = text.plist.entitlements; path = Entitlements.entitlements; sourceTree = "<group>"; };
		7AB225402D7B2B89002BEF81 /* AppDelegate.swift */ = {isa = PBXFileReference; lastKnownFileType = sourcecode.swift; path = AppDelegate.swift; sourceTree = "<group>"; };
		7ABEBB622D5F7317002E0FE5 /* Localizable.xcstrings */ = {isa = PBXFileReference; lastKnownFileType = text.json.xcstrings; path = Localizable.xcstrings; sourceTree = "<group>"; };
		7AC03C252D7A4CE6009A06C7 /* DebugMenuView.swift */ = {isa = PBXFileReference; lastKnownFileType = sourcecode.swift; path = DebugMenuView.swift; sourceTree = "<group>"; };
		7AC4A9EA2D2FA71D004DF626 /* Modules */ = {isa = PBXFileReference; lastKnownFileType = wrapper; path = Modules; sourceTree = "<group>"; };
		B1057F372843FD8600B9EE2F /* FeedbackApp.swift */ = {isa = PBXFileReference; lastKnownFileType = sourcecode.swift; path = FeedbackApp.swift; sourceTree = "<group>"; };
		B1057F3B2843FD8700B9EE2F /* Assets.xcassets */ = {isa = PBXFileReference; lastKnownFileType = folder.assetcatalog; path = Assets.xcassets; sourceTree = "<group>"; };
		B1057F3E2843FD8700B9EE2F /* Preview Assets.xcassets */ = {isa = PBXFileReference; lastKnownFileType = folder.assetcatalog; path = "Preview Assets.xcassets"; sourceTree = "<group>"; };
		C30B1C4B2EB611E6000E4AAA /* ApiClientMock.swift */ = {isa = PBXFileReference; lastKnownFileType = sourcecode.swift; path = ApiClientMock.swift; sourceTree = "<group>"; };
		C30B1C4C2EB611E6000E4AAA /* AppMockApp.swift */ = {isa = PBXFileReference; lastKnownFileType = sourcecode.swift; path = AppMockApp.swift; sourceTree = "<group>"; };
		C3E527AA2EA8AC6C005FECFC /* AppMock.app */ = {isa = PBXFileReference; explicitFileType = wrapper.application; includeInIndex = 0; path = AppMock.app; sourceTree = BUILT_PRODUCTS_DIR; };
/* End PBXFileReference section */

/* Begin PBXFrameworksBuildPhase section */
		2892AA322C0F89C600F12E83 /* Frameworks */ = {
			isa = PBXFrameworksBuildPhase;
			buildActionMask = 2147483647;
			files = (
				2889A6AC2E8EB67100561B5A /* FeedbackFlow in Frameworks */,
				28A0501B2E788FDB00CC7316 /* FeedbackFlowFeature in Frameworks */,
				285E15C52E69C28800C1B766 /* RootFeature in Frameworks */,
				284ACA3A2E919E00008F01D0 /* (null) in Frameworks */,
			);
			runOnlyForDeploymentPostprocessing = 0;
		};
		28A050042E786F9E00CC7316 /* Frameworks */ = {
			isa = PBXFrameworksBuildPhase;
			buildActionMask = 2147483647;
			files = (
				28A0501D2E788FDB00CC7316 /* FeedbackFlowFeature in Frameworks */,
				28A0501C2E788FDB00CC7316 /* FeedbackFlow in Frameworks */,
				28A050072E786F9E00CC7316 /* RootFeature in Frameworks */,
				284ACA3B2E919E00008F01D0 /* (null) in Frameworks */,
			);
			runOnlyForDeploymentPostprocessing = 0;
		};
		28D8883F2E6788FF00F0B6BE /* Frameworks */ = {
			isa = PBXFrameworksBuildPhase;
			buildActionMask = 2147483647;
			files = (
				281F2AA82E81F01A00D4665A /* Adapters in Frameworks */,
				2843B5232E69A39800274A6F /* InfoPlist in Frameworks */,
				28D888422E6788FF00F0B6BE /* RootFeature in Frameworks */,
			);
			runOnlyForDeploymentPostprocessing = 0;
		};
		7A7E44DF2DE85B0C00B3C4C4 /* Frameworks */ = {
			isa = PBXFrameworksBuildPhase;
			buildActionMask = 2147483647;
			files = (
				28A050192E788FDB00CC7316 /* AppCore in Frameworks */,
				7ABB22262E17F061006B6865 /* RootFeature in Frameworks */,
				284ACA392E919E00008F01D0 /* (null) in Frameworks */,
			);
			runOnlyForDeploymentPostprocessing = 0;
		};
		7AE155D92D26A31100440870 /* Frameworks */ = {
			isa = PBXFrameworksBuildPhase;
			buildActionMask = 2147483647;
			files = (
				284ACA3C2E919E00008F01D0 /* (null) in Frameworks */,
			);
			runOnlyForDeploymentPostprocessing = 0;
		};
		7AE1561D2D26AD4900440870 /* Frameworks */ = {
			isa = PBXFrameworksBuildPhase;
			buildActionMask = 2147483647;
			files = (
				284ACA3D2E919E00008F01D0 /* (null) in Frameworks */,
			);
			runOnlyForDeploymentPostprocessing = 0;
		};
		C3E527982EA8AC6C005FECFC /* Frameworks */ = {
			isa = PBXFrameworksBuildPhase;
			buildActionMask = 2147483647;
			files = (
				284015572EF98A05003EEDEF /* Adapters in Frameworks */,
				C3E5279A2EA8AC6C005FECFC /* InfoPlist in Frameworks */,
				C3E5279B2EA8AC6C005FECFC /* RootFeature in Frameworks */,
			);
			runOnlyForDeploymentPostprocessing = 0;
		};
/* End PBXFrameworksBuildPhase section */

/* Begin PBXGroup section */
		281A89452E69B7A90002D56C /* InfoPlist */ = {
			isa = PBXGroup;
			children = (
				281A89442E69B7A90002D56C /* Info.plist */,
			);
			path = InfoPlist;
			sourceTree = "<group>";
		};
		281A894A2E69B7AC0002D56C /* Config */ = {
			isa = PBXGroup;
			children = (
				281A89462E69B7AC0002D56C /* debugProduction.xcconfig */,
				281A89472E69B7AC0002D56C /* default.xcconfig */,
				281A89482E69B7AC0002D56C /* localhost.xcconfig */,
				281A89492E69B7AC0002D56C /* production.xcconfig */,
			);
			path = Config;
			sourceTree = "<group>";
		};
		28BDE9DB2E918A2C00BFD81D /* CI_scripts */ = {
			isa = PBXGroup;
			children = (
				28BDE9D92E918A2C00BFD81D /* ci_post_clone.sh */,
				284ACB252E92FF65008F01D0 /* ci_pre_xcodebuild.sh */,
			);
			path = CI_scripts;
			sourceTree = "<group>";
		};
		7A49F5202DD5EDDB00FF5B86 /* Resources */ = {
			isa = PBXGroup;
			children = (
				28DB6A3A2E5E054700F90EA0 /* AppIcon.icon */,
				B1057F3B2843FD8700B9EE2F /* Assets.xcassets */,
				7ABEBB622D5F7317002E0FE5 /* Localizable.xcstrings */,
				7A034FDF2D9AC93B0059C6F3 /* Launch Screen.storyboard */,
				B1057F3D2843FD8700B9EE2F /* Preview Content */,
			);
			path = Resources;
			sourceTree = "<group>";
		};
		7A924BD42DCAA63C005F9D84 /* Frameworks */ = {
			isa = PBXGroup;
			children = (
			);
			name = Frameworks;
			sourceTree = "<group>";
		};
		7A9E6BCF2DC52183005F4828 /* PreviewApps */ = {
			isa = PBXGroup;
			children = (
				28A050142E786FCA00CC7316 /* QuestionPickerApp.swift */,
				281A89412E69B7970002D56C /* FeedbackFlowApp.swift */,
				281A89392E69B7890002D56C /* FeedbackErrorApp.swift */,
			);
			path = PreviewApps;
			sourceTree = "<group>";
		};
		B1057F2B2843FD8600B9EE2F = {
			isa = PBXGroup;
			children = (
				2853098C2F49FE6C005BBA07 /* AGENTS.md */,
				28A0501E2E78910A00CC7316 /* .swiftlint.yml */,
				287B6F862E68ADC1003A419C /* UnitTests.xctestplan */,
				28BDE9DB2E918A2C00BFD81D /* CI_scripts */,
				7A49F5202DD5EDDB00FF5B86 /* Resources */,
				B1057F362843FD8600B9EE2F /* App */,
				7A9E6BCF2DC52183005F4828 /* PreviewApps */,
				C30B1C4D2EB611E6000E4AAA /* AppMock */,
				7AC4A9EA2D2FA71D004DF626 /* Modules */,
				7A924BD42DCAA63C005F9D84 /* Frameworks */,
				7A9E6BAD2DC4ECEB005F4828 /* Preview App Feedback Flow.app */,
				7A9E6BAE2DC4ECEB005F4828 /* Auto_Lint.framework */,
				7A9E6BAF2DC4ECEB005F4828 /* Fetch_OpenApi.framework */,
				7A7E44E22DE85B0C00B3C4C4 /* Preview App Error.app */,
				28D8884C2E6788FF00F0B6BE /* App.app */,
				28A050122E786F9E00CC7316 /* Preview App Question Picker.app */,
				C3E527AA2EA8AC6C005FECFC /* AppMock.app */,
			);
			sourceTree = "<group>";
		};
		B1057F362843FD8600B9EE2F /* App */ = {
			isa = PBXGroup;
			children = (
				B1057F372843FD8600B9EE2F /* FeedbackApp.swift */,
				7AB225402D7B2B89002BEF81 /* AppDelegate.swift */,
				7AC03C252D7A4CE6009A06C7 /* DebugMenuView.swift */,
				7A9E6BB32DC51EB7005F4828 /* Entitlements.entitlements */,
				281A89452E69B7A90002D56C /* InfoPlist */,
				281A894A2E69B7AC0002D56C /* Config */,
			);
			path = App;
			sourceTree = "<group>";
		};
		B1057F3D2843FD8700B9EE2F /* Preview Content */ = {
			isa = PBXGroup;
			children = (
				B1057F3E2843FD8700B9EE2F /* Preview Assets.xcassets */,
			);
			path = "Preview Content";
			sourceTree = "<group>";
		};
		C30B1C4D2EB611E6000E4AAA /* AppMock */ = {
			isa = PBXGroup;
			children = (
				C30B1C4B2EB611E6000E4AAA /* ApiClientMock.swift */,
				C30B1C4C2EB611E6000E4AAA /* AppMockApp.swift */,
			);
			path = AppMock;
			sourceTree = "<group>";
		};
/* End PBXGroup section */

/* Begin PBXHeadersBuildPhase section */
		7AE155D72D26A31100440870 /* Headers */ = {
			isa = PBXHeadersBuildPhase;
			buildActionMask = 2147483647;
			files = (
			);
			runOnlyForDeploymentPostprocessing = 0;
		};
		7AE1561B2D26AD4900440870 /* Headers */ = {
			isa = PBXHeadersBuildPhase;
			buildActionMask = 2147483647;
			files = (
			);
			runOnlyForDeploymentPostprocessing = 0;
		};
/* End PBXHeadersBuildPhase section */

/* Begin PBXNativeTarget section */
		2892AA342C0F89C600F12E83 /* Preview App Feedback Flow */ = {
			isa = PBXNativeTarget;
			buildConfigurationList = 2892AA442C0F89C700F12E83 /* Build configuration list for PBXNativeTarget "Preview App Feedback Flow" */;
			buildPhases = (
				2892AA312C0F89C600F12E83 /* Sources */,
				2892AA322C0F89C600F12E83 /* Frameworks */,
				2892AA332C0F89C600F12E83 /* Resources */,
			);
			buildRules = (
			);
			dependencies = (
			);
			name = "Preview App Feedback Flow";
			packageProductDependencies = (
				285F02882C12328F00AE8942 /* FeedbackFlow */,
				7A7D2D852E13D184008B31F0 /* FeedbackFlowFeature */,
				285E15C42E69C28800C1B766 /* RootFeature */,
			);
			productName = FeedbackFlow;
			productReference = 7A9E6BAD2DC4ECEB005F4828 /* Preview App Feedback Flow.app */;
			productType = "com.apple.product-type.application";
		};
		28A04FFD2E786F9E00CC7316 /* Preview App Question Picker */ = {
			isa = PBXNativeTarget;
			buildConfigurationList = 28A0500E2E786F9E00CC7316 /* Build configuration list for PBXNativeTarget "Preview App Question Picker" */;
			buildPhases = (
				28A050012E786F9E00CC7316 /* Sources */,
				28A050042E786F9E00CC7316 /* Frameworks */,
				28A050082E786F9E00CC7316 /* Resources */,
			);
			buildRules = (
			);
			dependencies = (
			);
			name = "Preview App Question Picker";
			packageProductDependencies = (
				28A04FFE2E786F9E00CC7316 /* FeedbackFlow */,
				28A04FFF2E786F9E00CC7316 /* FeedbackFlowFeature */,
				28A050002E786F9E00CC7316 /* RootFeature */,
			);
			productName = FeedbackFlow;
			productReference = 28A050122E786F9E00CC7316 /* Preview App Question Picker.app */;
			productType = "com.apple.product-type.application";
		};
		28D888392E6788FF00F0B6BE /* App */ = {
			isa = PBXNativeTarget;
			buildConfigurationList = 28D888482E6788FF00F0B6BE /* Build configuration list for PBXNativeTarget "App" */;
			buildPhases = (
				28D8883D2E6788FF00F0B6BE /* Sources */,
				28D8883F2E6788FF00F0B6BE /* Frameworks */,
				28D888432E6788FF00F0B6BE /* Resources */,
				285E15B52E69BB5F00C1B766 /* SwiftLint Warnings */,
				95CAC281A1DE47568C620263 /* Upload Debug Symbols to Sentry */,
				280F27E02E95040A00CF9788 /* Generate empty secrets.xcconfig */,
				C3E5277F2EA8AC2B005FECFC /* Embed Frameworks */,
			);
			buildRules = (
			);
			dependencies = (
			);
			name = App;
			packageProductDependencies = (
				28D8883B2E6788FF00F0B6BE /* InfoPlist */,
				28D8883C2E6788FF00F0B6BE /* RootFeature */,
				288EC1292E7B40E200544CCE /* Adapters */,
			);
			productName = FeedbackMock;
			productReference = 28D8884C2E6788FF00F0B6BE /* App.app */;
			productType = "com.apple.product-type.application";
		};
		7A7E44E12DE85B0C00B3C4C4 /* Preview App Error */ = {
			isa = PBXNativeTarget;
			buildConfigurationList = 7A7E44EA2DE85B1400B3C4C4 /* Build configuration list for PBXNativeTarget "Preview App Error" */;
			buildPhases = (
				7A7E44DE2DE85B0C00B3C4C4 /* Sources */,
				7A7E44DF2DE85B0C00B3C4C4 /* Frameworks */,
				7A7E44E02DE85B0C00B3C4C4 /* Resources */,
			);
			buildRules = (
			);
			dependencies = (
			);
			name = "Preview App Error";
			packageProductDependencies = (
				7A7E44EE2DE85B4800B3C4C4 /* AppCore */,
				7ABB22252E17F061006B6865 /* RootFeature */,
			);
			productName = FeedbackError;
			productReference = 7A7E44E22DE85B0C00B3C4C4 /* Preview App Error.app */;
			productType = "com.apple.product-type.application";
		};
		7AE155DB2D26A31100440870 /* Auto Lint */ = {
			isa = PBXNativeTarget;
			buildConfigurationList = 7AE155E72D26A31200440870 /* Build configuration list for PBXNativeTarget "Auto Lint" */;
			buildPhases = (
				7AE155D72D26A31100440870 /* Headers */,
				7AE155D82D26A31100440870 /* Sources */,
				7AE155D92D26A31100440870 /* Frameworks */,
				7AE155DA2D26A31100440870 /* Resources */,
				7AE156042D26A39300440870 /* Lint */,
			);
			buildRules = (
			);
			dependencies = (
			);
			name = "Auto Lint";
			packageProductDependencies = (
			);
			productName = Lint;
			productReference = 7A9E6BAE2DC4ECEB005F4828 /* Auto_Lint.framework */;
			productType = "com.apple.product-type.framework";
		};
		7AE1561F2D26AD4900440870 /* Fetch OpenApi */ = {
			isa = PBXNativeTarget;
			buildConfigurationList = 7AE1562B2D26AD4900440870 /* Build configuration list for PBXNativeTarget "Fetch OpenApi" */;
			buildPhases = (
				7AE1561B2D26AD4900440870 /* Headers */,
				7AE1561C2D26AD4900440870 /* Sources */,
				7AE1561D2D26AD4900440870 /* Frameworks */,
				7AE1561E2D26AD4900440870 /* Resources */,
				7AE156302D26AD5200440870 /* Fetch Open Api from localhost and copy to APIClient yaml */,
			);
			buildRules = (
			);
			dependencies = (
			);
			name = "Fetch OpenApi";
			packageProductDependencies = (
			);
			productName = OpenApi;
			productReference = 7A9E6BAF2DC4ECEB005F4828 /* Fetch_OpenApi.framework */;
			productType = "com.apple.product-type.framework";
		};
		C3E527902EA8AC6C005FECFC /* AppMock */ = {
			isa = PBXNativeTarget;
			buildConfigurationList = C3E527A62EA8AC6C005FECFC /* Build configuration list for PBXNativeTarget "AppMock" */;
			buildPhases = (
				C3E527942EA8AC6C005FECFC /* Sources */,
				C3E527982EA8AC6C005FECFC /* Frameworks */,
				C3E5279C2EA8AC6C005FECFC /* Resources */,
				C3E527A22EA8AC6C005FECFC /* SwiftLint Warnings */,
				C3E527A52EA8AC6C005FECFC /* Embed Frameworks */,
			);
			buildRules = (
			);
			dependencies = (
			);
			name = AppMock;
			packageProductDependencies = (
				C3E527912EA8AC6C005FECFC /* InfoPlist */,
				C3E527922EA8AC6C005FECFC /* RootFeature */,
				C3E527932EA8AC6C005FECFC /* Adapters */,
			);
			productName = FeedbackMock;
			productReference = C3E527AA2EA8AC6C005FECFC /* AppMock.app */;
			productType = "com.apple.product-type.application";
		};
/* End PBXNativeTarget section */

/* Begin PBXProject section */
		B1057F2C2843FD8600B9EE2F /* Project object */ = {
			isa = PBXProject;
			attributes = {
				BuildIndependentTargetsInParallel = 1;
				LastSwiftUpdateCheck = 2600;
				LastUpgradeCheck = 2600;
				TargetAttributes = {
					2892AA342C0F89C600F12E83 = {
						CreatedOnToolsVersion = 15.4;
					};
					7A7E44E12DE85B0C00B3C4C4 = {
						CreatedOnToolsVersion = 16.3;
					};
					7AE155DB2D26A31100440870 = {
						CreatedOnToolsVersion = 16.1;
					};
					7AE1561F2D26AD4900440870 = {
						CreatedOnToolsVersion = 16.1;
					};
				};
			};
			buildConfigurationList = B1057F2F2843FD8600B9EE2F /* Build configuration list for PBXProject "Feedback" */;
			compatibilityVersion = "Xcode 13.0";
			developmentRegion = en;
			hasScannedForEncodings = 0;
			knownRegions = (
				en,
				Base,
			);
			mainGroup = B1057F2B2843FD8600B9EE2F;
			packageReferences = (
			);
			productRefGroup = B1057F2B2843FD8600B9EE2F;
			projectDirPath = "";
			projectRoot = "";
			targets = (
				28D888392E6788FF00F0B6BE /* App */,
				C3E527902EA8AC6C005FECFC /* AppMock */,
				7A7E44E12DE85B0C00B3C4C4 /* Preview App Error */,
				2892AA342C0F89C600F12E83 /* Preview App Feedback Flow */,
				28A04FFD2E786F9E00CC7316 /* Preview App Question Picker */,
				7AE155DB2D26A31100440870 /* Auto Lint */,
				7AE1561F2D26AD4900440870 /* Fetch OpenApi */,
			);
		};
/* End PBXProject section */

/* Begin PBXResourcesBuildPhase section */
		2892AA332C0F89C600F12E83 /* Resources */ = {
			isa = PBXResourcesBuildPhase;
			buildActionMask = 2147483647;
			files = (
				285E15C32E69BEF500C1B766 /* AppIcon.icon in Resources */,
				7A49F52A2DD5F99200FF5B86 /* Launch Screen.storyboard in Resources */,
				7A49F5292DD5F99200FF5B86 /* Localizable.xcstrings in Resources */,
				7A49F5282DD5F99200FF5B86 /* Preview Assets.xcassets in Resources */,
				7A49F5272DD5F97D00FF5B86 /* Assets.xcassets in Resources */,
			);
			runOnlyForDeploymentPostprocessing = 0;
		};
		28A050082E786F9E00CC7316 /* Resources */ = {
			isa = PBXResourcesBuildPhase;
			buildActionMask = 2147483647;
			files = (
				28A050092E786F9E00CC7316 /* AppIcon.icon in Resources */,
				28A0500A2E786F9E00CC7316 /* Launch Screen.storyboard in Resources */,
				28A0500B2E786F9E00CC7316 /* Localizable.xcstrings in Resources */,
				28A0500C2E786F9E00CC7316 /* Preview Assets.xcassets in Resources */,
				28A0500D2E786F9E00CC7316 /* Assets.xcassets in Resources */,
			);
			runOnlyForDeploymentPostprocessing = 0;
		};
		28D888432E6788FF00F0B6BE /* Resources */ = {
			isa = PBXResourcesBuildPhase;
			buildActionMask = 2147483647;
			files = (
				28D888512E67897800F0B6BE /* AppIcon.icon in Resources */,
				28D888442E6788FF00F0B6BE /* Launch Screen.storyboard in Resources */,
				28D888452E6788FF00F0B6BE /* Localizable.xcstrings in Resources */,
				28D888462E6788FF00F0B6BE /* Preview Assets.xcassets in Resources */,
				28D888472E6788FF00F0B6BE /* Assets.xcassets in Resources */,
			);
			runOnlyForDeploymentPostprocessing = 0;
		};
		7A7E44E02DE85B0C00B3C4C4 /* Resources */ = {
			isa = PBXResourcesBuildPhase;
			buildActionMask = 2147483647;
			files = (
				285E15C62E69C93000C1B766 /* AppIcon.icon in Resources */,
			);
			runOnlyForDeploymentPostprocessing = 0;
		};
		7AE155DA2D26A31100440870 /* Resources */ = {
			isa = PBXResourcesBuildPhase;
			buildActionMask = 2147483647;
			files = (
			);
			runOnlyForDeploymentPostprocessing = 0;
		};
		7AE1561E2D26AD4900440870 /* Resources */ = {
			isa = PBXResourcesBuildPhase;
			buildActionMask = 2147483647;
			files = (
			);
			runOnlyForDeploymentPostprocessing = 0;
		};
		C3E5279C2EA8AC6C005FECFC /* Resources */ = {
			isa = PBXResourcesBuildPhase;
			buildActionMask = 2147483647;
			files = (
				C3E5279D2EA8AC6C005FECFC /* AppIcon.icon in Resources */,
				C3E5279E2EA8AC6C005FECFC /* Launch Screen.storyboard in Resources */,
				C3E5279F2EA8AC6C005FECFC /* Localizable.xcstrings in Resources */,
				C3E527A02EA8AC6C005FECFC /* Preview Assets.xcassets in Resources */,
				C3E527A12EA8AC6C005FECFC /* Assets.xcassets in Resources */,
			);
			runOnlyForDeploymentPostprocessing = 0;
		};
/* End PBXResourcesBuildPhase section */

/* Begin PBXShellScriptBuildPhase section */
		280F27E02E95040A00CF9788 /* Generate empty secrets.xcconfig */ = {
			isa = PBXShellScriptBuildPhase;
			buildActionMask = 2147483647;
			files = (
			);
			inputFileListPaths = (
			);
			inputPaths = (
			);
			name = "Generate empty secrets.xcconfig";
			outputFileListPaths = (
			);
			outputPaths = (
			);
			runOnlyForDeploymentPostprocessing = 0;
			shellPath = /bin/sh;
			shellScript = "#!/bin/sh\nset -euo pipefail\n\nSECRETS_FILE=\"App/Config/secrets.xcconfig\"\n\n# If running in Xcode Cloud, do nothing\nif [ \"${CI_XCODE:-false}\" = \"true\" ]; then\n  echo \"Running in Xcode Cloud, skipping undefined secrets generation.\"\n  exit 0\nfi\n\n# Locally: only create if missing or empty\nmkdir -p \"$(dirname \"$SECRETS_FILE\")\"\nif [ ! -s \"$SECRETS_FILE\" ]; then\n  cat > \"$SECRETS_FILE\" <<EOF\nSENTRY_DSN_URL = undefined\nSENTRY_DSN_SCHEME = undefined\nFIREBASE_GOOGLE_APP_ID = undefined\nFIREBASE_GCM_SENDER_ID = undefined\nFIREBASE_CLIENT_ID = undefined\nFIREBASE_API_KEY = undefined\nFIREBASE_BUNDLE_ID = undefined\nFIREBASE_PROJECT_ID = undefined\nFIREBASE_STORAGE_BUCKET = undefined\nEOF\n  echo \"✅ Generated $SECRETS_FILE with default values\"\nfi\n";
		};
		285E15B52E69BB5F00C1B766 /* SwiftLint Warnings */ = {
			isa = PBXShellScriptBuildPhase;
			alwaysOutOfDate = 1;
			buildActionMask = 2147483647;
			files = (
			);
			inputFileListPaths = (
			);
			inputPaths = (
			);
			name = "SwiftLint Warnings";
			outputFileListPaths = (
			);
			outputPaths = (
			);
			runOnlyForDeploymentPostprocessing = 0;
			shellPath = /bin/sh;
			shellScript = "# Adds support for Apple Silicon brew directory\nexport PATH=\"$PATH:/opt/homebrew/bin\"\n\n# Skip linting on Xcode Cloud\nif [ \"$CI_XCODE_CLOUD\" = \"true\" ]; then\n  echo \"Skipping SwiftLint on Xcode Cloud\"\n  exit 0\nfi\n\nif which swiftlint >/dev/null; then\n  swiftlint lint --reporter xcode\nelse\n  echo \"warning: SwiftLint not installed, download from https://github.com/realm/SwiftLint\"\nfi\n";
		};
		7AE156042D26A39300440870 /* Lint */ = {
			isa = PBXShellScriptBuildPhase;
			alwaysOutOfDate = 1;
			buildActionMask = 2147483647;
			files = (
			);
			inputFileListPaths = (
			);
			inputPaths = (
			);
			name = Lint;
			outputFileListPaths = (
			);
			outputPaths = (
			);
			runOnlyForDeploymentPostprocessing = 0;
			shellPath = /bin/sh;
			shellScript = "# Adds support for Apple Silicon brew directory\nexport PATH=\"$PATH:/opt/homebrew/bin\"\nif which swiftlint >/dev/null; then\n  swiftlint lint --fix\n  swiftlint lint --reporter xcode\nelse\n  echo \"warning: SwiftLint not installed, download from https://github.com/realm/SwiftLint\"\nfi\n\n\n";
		};
		7AE156302D26AD5200440870 /* Fetch Open Api from localhost and copy to APIClient yaml */ = {
			isa = PBXShellScriptBuildPhase;
			buildActionMask = 2147483647;
			files = (
			);
			inputFileListPaths = (
			);
			inputPaths = (
			);
			name = "Fetch Open Api from localhost and copy to APIClient yaml";
			outputFileListPaths = (
			);
			outputPaths = (
			);
			runOnlyForDeploymentPostprocessing = 0;
			shellPath = /bin/sh;
			shellScript = "# Type a script or drag a script file from your workspace to insert its path.\nOPEN_API_PATH=\"$SRCROOT/Modules/Sources/OpenAPI/openapi.yaml\"\nOPENAPI_URL=\"https://github.com/FeedbackFriends/feedback-backend/releases/latest/download/openapi.yaml\"\n\n# Fetch the OpenAPI YAML from the provided URL\ncurl -s $OPENAPI_URL -o /tmp/openapi.yaml\n\n# Check if the download was successful\nif [ $? -ne 0 ]; then\n    echo \"Failed to download the OpenAPI YAML file.\"\n    exit 0  # Continue the build without failing\nfi\n\n# Replace the existing YAML file only if the download was successful\nif [ -f /tmp/openapi.yaml ]; then\n    cp /tmp/openapi.yaml $OPEN_API_PATH\n    echo \"openapi.yaml updated successfully.\"\nelse\n    echo \"Temporary openapi.yaml file not found. Keeping the old version.\"\nfi\n";
		};
		95CAC281A1DE47568C620263 /* Upload Debug Symbols to Sentry */ = {
			isa = PBXShellScriptBuildPhase;
			buildActionMask = 2147483647;
			files = (
			);
			inputPaths = (
				"${DWARF_DSYM_FOLDER_PATH}/${DWARF_DSYM_FILE_NAME}/Contents/Resources/DWARF/${TARGET_NAME}",
			);
			name = "Upload Debug Symbols to Sentry";
			outputPaths = (
			);
			runOnlyForDeploymentPostprocessing = 0;
			shellPath = /bin/sh;
			shellScript = "# This script is responsible for uploading debug symbols and source context for Sentry.\nif [[ \"${CI_XCODE:-false}\" != \"true\" ]]; then\n  echo \"Not running in Xcode Cloud, skipping Sentry dSYM upload.\"\n  exit 0\nfi\n\nif ! command -v sentry-cli >/dev/null 2>&1; then\n  echo \"sentry-cli not found, installing...\"\n  curl -sL https://sentry.io/get-cli/ | bash\nfi\n\nif which sentry-cli >/dev/null; then\n  ERROR=$(sentry-cli debug-files upload --include-sources \"$DWARF_DSYM_FOLDER_PATH\" 2>&1 >/dev/null)\n  if [ ! $? -eq 0 ]; then\n    echo \"warning: sentry-cli - $ERROR\"\n  fi\nelse\n  echo \"warning: sentry-cli not installed, download from https://github.com/getsentry/sentry-cli/releases\"\nfi\n";
		};
		C3E527A22EA8AC6C005FECFC /* SwiftLint Warnings */ = {
			isa = PBXShellScriptBuildPhase;
			alwaysOutOfDate = 1;
			buildActionMask = 2147483647;
			files = (
			);
			inputFileListPaths = (
			);
			inputPaths = (
			);
			name = "SwiftLint Warnings";
			outputFileListPaths = (
			);
			outputPaths = (
			);
			runOnlyForDeploymentPostprocessing = 0;
			shellPath = /bin/sh;
			shellScript = "# Adds support for Apple Silicon brew directory\nexport PATH=\"$PATH:/opt/homebrew/bin\"\n\n# Skip linting on Xcode Cloud\nif [ \"$CI_XCODE_CLOUD\" = \"true\" ]; then\n  echo \"Skipping SwiftLint on Xcode Cloud\"\n  exit 0\nfi\n\nif which swiftlint >/dev/null; then\n  swiftlint lint --reporter xcode\nelse\n  echo \"warning: SwiftLint not installed, download from https://github.com/realm/SwiftLint\"\nfi\n";
		};
/* End PBXShellScriptBuildPhase section */

/* Begin PBXSourcesBuildPhase section */
		2892AA312C0F89C600F12E83 /* Sources */ = {
			isa = PBXSourcesBuildPhase;
			buildActionMask = 2147483647;
			files = (
				281A89432E69B7970002D56C /* FeedbackFlowApp.swift in Sources */,
			);
			runOnlyForDeploymentPostprocessing = 0;
		};
		28A050012E786F9E00CC7316 /* Sources */ = {
			isa = PBXSourcesBuildPhase;
			buildActionMask = 2147483647;
			files = (
				28A050162E786FEB00CC7316 /* QuestionPickerApp.swift in Sources */,
			);
			runOnlyForDeploymentPostprocessing = 0;
		};
		28D8883D2E6788FF00F0B6BE /* Sources */ = {
			isa = PBXSourcesBuildPhase;
			buildActionMask = 2147483647;
			files = (
				287B6F8A2E698B55003A419C /* AppDelegate.swift in Sources */,
				287B6F8B2E698B55003A419C /* FeedbackApp.swift in Sources */,
				287B6F8C2E698B55003A419C /* DebugMenuView.swift in Sources */,
			);
			runOnlyForDeploymentPostprocessing = 0;
		};
		7A7E44DE2DE85B0C00B3C4C4 /* Sources */ = {
			isa = PBXSourcesBuildPhase;
			buildActionMask = 2147483647;
			files = (
				281A893D2E69B7890002D56C /* FeedbackErrorApp.swift in Sources */,
			);
			runOnlyForDeploymentPostprocessing = 0;
		};
		7AE155D82D26A31100440870 /* Sources */ = {
			isa = PBXSourcesBuildPhase;
			buildActionMask = 2147483647;
			files = (
			);
			runOnlyForDeploymentPostprocessing = 0;
		};
		7AE1561C2D26AD4900440870 /* Sources */ = {
			isa = PBXSourcesBuildPhase;
			buildActionMask = 2147483647;
			files = (
			);
			runOnlyForDeploymentPostprocessing = 0;
		};
		C3E527942EA8AC6C005FECFC /* Sources */ = {
			isa = PBXSourcesBuildPhase;
			buildActionMask = 2147483647;
			files = (
				C30B1C4E2EB611E6000E4AAA /* ApiClientMock.swift in Sources */,
				C30B1C4F2EB611E6000E4AAA /* AppMockApp.swift in Sources */,
			);
			runOnlyForDeploymentPostprocessing = 0;
		};
/* End PBXSourcesBuildPhase section */

/* Begin XCBuildConfiguration section */
		2867BED7299AC324001A11DD /* DebugProduction */ = {
			isa = XCBuildConfiguration;
			baseConfigurationReference = 281A89462E69B7AC0002D56C /* debugProduction.xcconfig */;
			buildSettings = {
				ALWAYS_SEARCH_USER_PATHS = NO;
				ASSETCATALOG_COMPILER_GENERATE_SWIFT_ASSET_SYMBOL_EXTENSIONS = YES;
				CLANG_ANALYZER_NONNULL = YES;
				CLANG_ANALYZER_NUMBER_OBJECT_CONVERSION = YES_AGGRESSIVE;
				CLANG_CXX_LANGUAGE_STANDARD = "gnu++17";
				CLANG_ENABLE_MODULES = YES;
				CLANG_ENABLE_OBJC_ARC = YES;
				CLANG_ENABLE_OBJC_WEAK = YES;
				CLANG_WARN_BLOCK_CAPTURE_AUTORELEASING = YES;
				CLANG_WARN_BOOL_CONVERSION = YES;
				CLANG_WARN_COMMA = YES;
				CLANG_WARN_CONSTANT_CONVERSION = YES;
				CLANG_WARN_DEPRECATED_OBJC_IMPLEMENTATIONS = YES;
				CLANG_WARN_DIRECT_OBJC_ISA_USAGE = YES_ERROR;
				CLANG_WARN_DOCUMENTATION_COMMENTS = YES;
				CLANG_WARN_EMPTY_BODY = YES;
				CLANG_WARN_ENUM_CONVERSION = YES;
				CLANG_WARN_INFINITE_RECURSION = YES;
				CLANG_WARN_INT_CONVERSION = YES;
				CLANG_WARN_NON_LITERAL_NULL_CONVERSION = YES;
				CLANG_WARN_OBJC_IMPLICIT_RETAIN_SELF = YES;
				CLANG_WARN_OBJC_LITERAL_CONVERSION = YES;
				CLANG_WARN_OBJC_ROOT_CLASS = YES_ERROR;
				CLANG_WARN_QUOTED_INCLUDE_IN_FRAMEWORK_HEADER = YES;
				CLANG_WARN_RANGE_LOOP_ANALYSIS = YES;
				CLANG_WARN_STRICT_PROTOTYPES = YES;
				CLANG_WARN_SUSPICIOUS_MOVE = YES;
				CLANG_WARN_UNGUARDED_AVAILABILITY = YES_AGGRESSIVE;
				CLANG_WARN_UNREACHABLE_CODE = YES;
				CLANG_WARN__DUPLICATE_METHOD_MATCH = YES;
				COMPILER_FLAG = debug;
				COPY_PHASE_STRIP = NO;
				DEBUG_INFORMATION_FORMAT = "dwarf-with-dsym";
				DEVELOPMENT_ASSET_PATHS = "";
				DEVELOPMENT_TEAM = 8B9KRX6NBR;
				ENABLE_STRICT_OBJC_MSGSEND = YES;
				ENABLE_TESTABILITY = YES;
				GCC_C_LANGUAGE_STANDARD = gnu11;
				GCC_DYNAMIC_NO_PIC = NO;
				GCC_NO_COMMON_BLOCKS = YES;
				GCC_OPTIMIZATION_LEVEL = 0;
				GCC_PREPROCESSOR_DEFINITIONS = (
					"DEBUG=1",
					"$(inherited)",
				);
				GCC_WARN_64_TO_32_BIT_CONVERSION = YES;
				GCC_WARN_ABOUT_RETURN_TYPE = YES_ERROR;
				GCC_WARN_UNDECLARED_SELECTOR = YES;
				GCC_WARN_UNINITIALIZED_AUTOS = YES_AGGRESSIVE;
				GCC_WARN_UNUSED_FUNCTION = YES;
				GCC_WARN_UNUSED_VARIABLE = YES;
				IPHONEOS_DEPLOYMENT_TARGET = 16.6;
				MTL_ENABLE_DEBUG_INFO = INCLUDE_SOURCE;
				MTL_FAST_MATH = YES;
				ONLY_ACTIVE_ARCH = YES;
				PRODUCT_NAME = "Lets Grow";
				SDKROOT = iphoneos;
				STRING_CATALOG_GENERATE_SYMBOLS = YES;
				SWIFT_ACTIVE_COMPILATION_CONDITIONS = DEBUG;
				SWIFT_APPROACHABLE_CONCURRENCY = YES;
				SWIFT_DEFAULT_ACTOR_ISOLATION = MainActor;
				SWIFT_EMIT_LOC_STRINGS = YES;
				SWIFT_OPTIMIZATION_LEVEL = "-Onone";
				SWIFT_STRICT_CONCURRENCY = complete;
				SWIFT_VERSION = 6.0;
			};
			name = DebugProduction;
		};
		2892AA412C0F89C700F12E83 /* DebugProduction */ = {
			isa = XCBuildConfiguration;
			buildSettings = {
				ASSETCATALOG_COMPILER_APPICON_NAME = AppIcon;
				ASSETCATALOG_COMPILER_GENERATE_SWIFT_ASSET_SYMBOL_EXTENSIONS = YES;
				ASSETCATALOG_COMPILER_GLOBAL_ACCENT_COLOR_NAME = AccentColor;
				CLANG_CXX_LANGUAGE_STANDARD = "gnu++20";
				CODE_SIGN_STYLE = Automatic;
				CURRENT_PROJECT_VERSION = 1;
				DEBUG_INFORMATION_FORMAT = dwarf;
				DEVELOPMENT_ASSET_PATHS = "\"Resources/Preview Content\"";
				ENABLE_PREVIEWS = YES;
				ENABLE_USER_SCRIPT_SANDBOXING = NO;
				GCC_C_LANGUAGE_STANDARD = gnu17;
				GENERATE_INFOPLIST_FILE = YES;
				INFOPLIST_FILE = App/InfoPlist/Info.plist;
				INFOPLIST_KEY_UIApplicationSceneManifest_Generation = YES;
				INFOPLIST_KEY_UIApplicationSupportsIndirectInputEvents = YES;
				INFOPLIST_KEY_UILaunchScreen_Generation = YES;
				INFOPLIST_KEY_UISupportedInterfaceOrientations_iPad = "UIInterfaceOrientationPortrait UIInterfaceOrientationPortraitUpsideDown UIInterfaceOrientationLandscapeLeft UIInterfaceOrientationLandscapeRight";
				INFOPLIST_KEY_UISupportedInterfaceOrientations_iPhone = "UIInterfaceOrientationPortrait UIInterfaceOrientationLandscapeLeft UIInterfaceOrientationLandscapeRight";
				IPHONEOS_DEPLOYMENT_TARGET = 26.0;
				LD_RUNPATH_SEARCH_PATHS = (
					"$(inherited)",
					"@executable_path/Frameworks",
				);
				LOCALIZATION_PREFERS_STRING_CATALOGS = YES;
				MARKETING_VERSION = 1.0;
				PRODUCT_BUNDLE_IDENTIFIER = dk.nicolai.FeedbackFlow;
				PRODUCT_NAME = "$(TARGET_NAME)";
				SWIFT_ACTIVE_COMPILATION_CONDITIONS = "DEBUG $(inherited)";
				SWIFT_DEFAULT_ACTOR_ISOLATION = MainActor;
				SWIFT_EMIT_LOC_STRINGS = YES;
				SWIFT_VERSION = 6.0;
				TARGETED_DEVICE_FAMILY = "1,2";
			};
			name = DebugProduction;
		};
		2892AA422C0F89C700F12E83 /* Release */ = {
			isa = XCBuildConfiguration;
			buildSettings = {
				ASSETCATALOG_COMPILER_APPICON_NAME = AppIcon;
				ASSETCATALOG_COMPILER_GENERATE_SWIFT_ASSET_SYMBOL_EXTENSIONS = YES;
				ASSETCATALOG_COMPILER_GLOBAL_ACCENT_COLOR_NAME = AccentColor;
				CLANG_CXX_LANGUAGE_STANDARD = "gnu++20";
				CODE_SIGN_STYLE = Automatic;
				CURRENT_PROJECT_VERSION = 1;
				DEVELOPMENT_ASSET_PATHS = "\"Resources/Preview Content\"";
				ENABLE_PREVIEWS = YES;
				ENABLE_USER_SCRIPT_SANDBOXING = NO;
				GCC_C_LANGUAGE_STANDARD = gnu17;
				GENERATE_INFOPLIST_FILE = YES;
				INFOPLIST_FILE = App/InfoPlist/Info.plist;
				INFOPLIST_KEY_UIApplicationSceneManifest_Generation = YES;
				INFOPLIST_KEY_UIApplicationSupportsIndirectInputEvents = YES;
				INFOPLIST_KEY_UILaunchScreen_Generation = YES;
				INFOPLIST_KEY_UISupportedInterfaceOrientations_iPad = "UIInterfaceOrientationPortrait UIInterfaceOrientationPortraitUpsideDown UIInterfaceOrientationLandscapeLeft UIInterfaceOrientationLandscapeRight";
				INFOPLIST_KEY_UISupportedInterfaceOrientations_iPhone = "UIInterfaceOrientationPortrait UIInterfaceOrientationLandscapeLeft UIInterfaceOrientationLandscapeRight";
				IPHONEOS_DEPLOYMENT_TARGET = 26.0;
				LD_RUNPATH_SEARCH_PATHS = (
					"$(inherited)",
					"@executable_path/Frameworks",
				);
				LOCALIZATION_PREFERS_STRING_CATALOGS = YES;
				MARKETING_VERSION = 1.0;
				PRODUCT_BUNDLE_IDENTIFIER = dk.nicolai.FeedbackFlow;
				PRODUCT_NAME = "$(TARGET_NAME)";
				SWIFT_DEFAULT_ACTOR_ISOLATION = MainActor;
				SWIFT_EMIT_LOC_STRINGS = YES;
				SWIFT_VERSION = 6.0;
				TARGETED_DEVICE_FAMILY = "1,2";
			};
			name = Release;
		};
		28A0500F2E786F9E00CC7316 /* DebugProduction */ = {
			isa = XCBuildConfiguration;
			buildSettings = {
				ASSETCATALOG_COMPILER_APPICON_NAME = AppIcon;
				ASSETCATALOG_COMPILER_GENERATE_SWIFT_ASSET_SYMBOL_EXTENSIONS = YES;
				ASSETCATALOG_COMPILER_GLOBAL_ACCENT_COLOR_NAME = AccentColor;
				CLANG_CXX_LANGUAGE_STANDARD = "gnu++20";
				CODE_SIGN_STYLE = Automatic;
				CURRENT_PROJECT_VERSION = 1;
				DEBUG_INFORMATION_FORMAT = dwarf;
				DEVELOPMENT_ASSET_PATHS = "\"Resources/Preview Content\"";
				ENABLE_PREVIEWS = YES;
				ENABLE_USER_SCRIPT_SANDBOXING = NO;
				GCC_C_LANGUAGE_STANDARD = gnu17;
				GENERATE_INFOPLIST_FILE = YES;
				INFOPLIST_FILE = App/InfoPlist/Info.plist;
				INFOPLIST_KEY_UIApplicationSceneManifest_Generation = YES;
				INFOPLIST_KEY_UIApplicationSupportsIndirectInputEvents = YES;
				INFOPLIST_KEY_UILaunchScreen_Generation = YES;
				INFOPLIST_KEY_UISupportedInterfaceOrientations_iPad = "UIInterfaceOrientationPortrait UIInterfaceOrientationPortraitUpsideDown UIInterfaceOrientationLandscapeLeft UIInterfaceOrientationLandscapeRight";
				INFOPLIST_KEY_UISupportedInterfaceOrientations_iPhone = "UIInterfaceOrientationPortrait UIInterfaceOrientationLandscapeLeft UIInterfaceOrientationLandscapeRight";
				IPHONEOS_DEPLOYMENT_TARGET = 26.0;
				LD_RUNPATH_SEARCH_PATHS = (
					"$(inherited)",
					"@executable_path/Frameworks",
				);
				LOCALIZATION_PREFERS_STRING_CATALOGS = YES;
				MARKETING_VERSION = 1.0;
				PRODUCT_BUNDLE_IDENTIFIER = dk.nicolai.FeedbackFlow;
				PRODUCT_NAME = "$(TARGET_NAME)";
				SWIFT_ACTIVE_COMPILATION_CONDITIONS = "DEBUG $(inherited)";
				SWIFT_DEFAULT_ACTOR_ISOLATION = MainActor;
				SWIFT_EMIT_LOC_STRINGS = YES;
				SWIFT_VERSION = 6.0;
				TARGETED_DEVICE_FAMILY = "1,2";
			};
			name = DebugProduction;
		};
		28A050102E786F9E00CC7316 /* DebugLocalhost */ = {
			isa = XCBuildConfiguration;
			buildSettings = {
				ASSETCATALOG_COMPILER_APPICON_NAME = AppIcon;
				ASSETCATALOG_COMPILER_GENERATE_SWIFT_ASSET_SYMBOL_EXTENSIONS = YES;
				ASSETCATALOG_COMPILER_GLOBAL_ACCENT_COLOR_NAME = AccentColor;
				CLANG_CXX_LANGUAGE_STANDARD = "gnu++20";
				CODE_SIGN_STYLE = Automatic;
				CURRENT_PROJECT_VERSION = 1;
				DEBUG_INFORMATION_FORMAT = dwarf;
				DEVELOPMENT_ASSET_PATHS = "\"Resources/Preview Content\"";
				ENABLE_PREVIEWS = YES;
				ENABLE_USER_SCRIPT_SANDBOXING = NO;
				GCC_C_LANGUAGE_STANDARD = gnu17;
				GENERATE_INFOPLIST_FILE = YES;
				INFOPLIST_FILE = App/InfoPlist/Info.plist;
				INFOPLIST_KEY_UIApplicationSceneManifest_Generation = YES;
				INFOPLIST_KEY_UIApplicationSupportsIndirectInputEvents = YES;
				INFOPLIST_KEY_UILaunchScreen_Generation = YES;
				INFOPLIST_KEY_UISupportedInterfaceOrientations_iPad = "UIInterfaceOrientationPortrait UIInterfaceOrientationPortraitUpsideDown UIInterfaceOrientationLandscapeLeft UIInterfaceOrientationLandscapeRight";
				INFOPLIST_KEY_UISupportedInterfaceOrientations_iPhone = "UIInterfaceOrientationPortrait UIInterfaceOrientationLandscapeLeft UIInterfaceOrientationLandscapeRight";
				IPHONEOS_DEPLOYMENT_TARGET = 26.0;
				LD_RUNPATH_SEARCH_PATHS = (
					"$(inherited)",
					"@executable_path/Frameworks",
				);
				LOCALIZATION_PREFERS_STRING_CATALOGS = YES;
				MARKETING_VERSION = 1.0;
				PRODUCT_BUNDLE_IDENTIFIER = dk.nicolai.FeedbackFlow;
				PRODUCT_NAME = "$(TARGET_NAME)";
				SWIFT_ACTIVE_COMPILATION_CONDITIONS = "DEBUG $(inherited)";
				SWIFT_DEFAULT_ACTOR_ISOLATION = MainActor;
				SWIFT_EMIT_LOC_STRINGS = YES;
				SWIFT_VERSION = 6.0;
				TARGETED_DEVICE_FAMILY = "1,2";
			};
			name = DebugLocalhost;
		};
		28A050112E786F9E00CC7316 /* Release */ = {
			isa = XCBuildConfiguration;
			buildSettings = {
				ASSETCATALOG_COMPILER_APPICON_NAME = AppIcon;
				ASSETCATALOG_COMPILER_GENERATE_SWIFT_ASSET_SYMBOL_EXTENSIONS = YES;
				ASSETCATALOG_COMPILER_GLOBAL_ACCENT_COLOR_NAME = AccentColor;
				CLANG_CXX_LANGUAGE_STANDARD = "gnu++20";
				CODE_SIGN_STYLE = Automatic;
				CURRENT_PROJECT_VERSION = 1;
				DEVELOPMENT_ASSET_PATHS = "\"Resources/Preview Content\"";
				ENABLE_PREVIEWS = YES;
				ENABLE_USER_SCRIPT_SANDBOXING = NO;
				GCC_C_LANGUAGE_STANDARD = gnu17;
				GENERATE_INFOPLIST_FILE = YES;
				INFOPLIST_FILE = App/InfoPlist/Info.plist;
				INFOPLIST_KEY_UIApplicationSceneManifest_Generation = YES;
				INFOPLIST_KEY_UIApplicationSupportsIndirectInputEvents = YES;
				INFOPLIST_KEY_UILaunchScreen_Generation = YES;
				INFOPLIST_KEY_UISupportedInterfaceOrientations_iPad = "UIInterfaceOrientationPortrait UIInterfaceOrientationPortraitUpsideDown UIInterfaceOrientationLandscapeLeft UIInterfaceOrientationLandscapeRight";
				INFOPLIST_KEY_UISupportedInterfaceOrientations_iPhone = "UIInterfaceOrientationPortrait UIInterfaceOrientationLandscapeLeft UIInterfaceOrientationLandscapeRight";
				IPHONEOS_DEPLOYMENT_TARGET = 26.0;
				LD_RUNPATH_SEARCH_PATHS = (
					"$(inherited)",
					"@executable_path/Frameworks",
				);
				LOCALIZATION_PREFERS_STRING_CATALOGS = YES;
				MARKETING_VERSION = 1.0;
				PRODUCT_BUNDLE_IDENTIFIER = dk.nicolai.FeedbackFlow;
				PRODUCT_NAME = "$(TARGET_NAME)";
				SWIFT_DEFAULT_ACTOR_ISOLATION = MainActor;
				SWIFT_EMIT_LOC_STRINGS = YES;
				SWIFT_VERSION = 6.0;
				TARGETED_DEVICE_FAMILY = "1,2";
			};
			name = Release;
		};
		28D888492E6788FF00F0B6BE /* DebugProduction */ = {
			isa = XCBuildConfiguration;
			buildSettings = {
				ASSETCATALOG_COMPILER_APPICON_NAME = AppIcon;
				ASSETCATALOG_COMPILER_GENERATE_SWIFT_ASSET_SYMBOL_EXTENSIONS = YES;
				ASSETCATALOG_COMPILER_GLOBAL_ACCENT_COLOR_NAME = AccentColor;
				ASSETCATALOG_COMPILER_INCLUDE_ALL_APPICON_ASSETS = YES;
				CLANG_CXX_LANGUAGE_STANDARD = "gnu++20";
				CODE_SIGN_ENTITLEMENTS = App/Entitlements.entitlements;
				CODE_SIGN_STYLE = Automatic;
				CURRENT_PROJECT_VERSION = 1;
				DEBUG_INFORMATION_FORMAT = "dwarf-with-dsym";
				DEVELOPMENT_ASSET_PATHS = "\"Resources/Preview Content\"";
				DEVELOPMENT_TEAM = 8B9KRX6NBR;
				ENABLE_APP_SANDBOX = YES;
				ENABLE_HARDENED_RUNTIME = YES;
				ENABLE_OUTGOING_NETWORK_CONNECTIONS = YES;
				ENABLE_PREVIEWS = YES;
				ENABLE_USER_SCRIPT_SANDBOXING = NO;
				GCC_C_LANGUAGE_STANDARD = gnu17;
				GENERATE_INFOPLIST_FILE = YES;
				INFOPLIST_FILE = App/InfoPlist/Info.plist;
				INFOPLIST_KEY_CFBundleDisplayName = "Lets Grow";
				INFOPLIST_KEY_ITSAppUsesNonExemptEncryption = NO;
				INFOPLIST_KEY_LSApplicationCategoryType = "public.app-category.productivity";
				INFOPLIST_KEY_UIApplicationSceneManifest_Generation = YES;
				INFOPLIST_KEY_UIApplicationSupportsIndirectInputEvents = YES;
				INFOPLIST_KEY_UILaunchScreen_Generation = YES;
				INFOPLIST_KEY_UISupportedInterfaceOrientations = UIInterfaceOrientationPortrait;
				INFOPLIST_KEY_UISupportedInterfaceOrientations_iPad = "UIInterfaceOrientationLandscapeLeft UIInterfaceOrientationLandscapeRight UIInterfaceOrientationPortrait UIInterfaceOrientationPortraitUpsideDown";
				IPHONEOS_DEPLOYMENT_TARGET = 26.0;
				LD_RUNPATH_SEARCH_PATHS = (
					"$(inherited)",
					"@executable_path/Frameworks",
				);
				LOCALIZATION_PREFERS_STRING_CATALOGS = YES;
				PRODUCT_BUNDLE_IDENTIFIER = dk.nicolaidam.letsgrow;
				PRODUCT_NAME = "$(TARGET_NAME)";
				REGISTER_APP_GROUPS = YES;
				SUPPORTED_PLATFORMS = "iphoneos iphonesimulator";
				SUPPORTS_MACCATALYST = NO;
				SWIFT_ACTIVE_COMPILATION_CONDITIONS = "DEBUG $(inherited)";
				SWIFT_APPROACHABLE_CONCURRENCY = YES;
				SWIFT_DEFAULT_ACTOR_ISOLATION = MainActor;
				SWIFT_EMIT_LOC_STRINGS = YES;
				SWIFT_STRICT_CONCURRENCY = complete;
				SWIFT_VERSION = 6.0;
				TARGETED_DEVICE_FAMILY = "1,2";
			};
			name = DebugProduction;
		};
		28D8884A2E6788FF00F0B6BE /* DebugLocalhost */ = {
			isa = XCBuildConfiguration;
			buildSettings = {
				ASSETCATALOG_COMPILER_APPICON_NAME = AppIcon;
				ASSETCATALOG_COMPILER_GENERATE_SWIFT_ASSET_SYMBOL_EXTENSIONS = YES;
				ASSETCATALOG_COMPILER_GLOBAL_ACCENT_COLOR_NAME = AccentColor;
				ASSETCATALOG_COMPILER_INCLUDE_ALL_APPICON_ASSETS = YES;
				CLANG_CXX_LANGUAGE_STANDARD = "gnu++20";
				CODE_SIGN_ENTITLEMENTS = App/Entitlements.entitlements;
				CODE_SIGN_STYLE = Automatic;
				CURRENT_PROJECT_VERSION = 1;
				DEBUG_INFORMATION_FORMAT = "dwarf-with-dsym";
				DEVELOPMENT_ASSET_PATHS = "\"Resources/Preview Content\"";
				DEVELOPMENT_TEAM = 8B9KRX6NBR;
				ENABLE_APP_SANDBOX = YES;
				ENABLE_HARDENED_RUNTIME = YES;
				ENABLE_OUTGOING_NETWORK_CONNECTIONS = YES;
				ENABLE_PREVIEWS = YES;
				ENABLE_USER_SCRIPT_SANDBOXING = NO;
				GCC_C_LANGUAGE_STANDARD = gnu17;
				GENERATE_INFOPLIST_FILE = YES;
				INFOPLIST_FILE = App/InfoPlist/Info.plist;
				INFOPLIST_KEY_CFBundleDisplayName = "Lets Grow";
				INFOPLIST_KEY_ITSAppUsesNonExemptEncryption = NO;
				INFOPLIST_KEY_LSApplicationCategoryType = "public.app-category.productivity";
				INFOPLIST_KEY_UIApplicationSceneManifest_Generation = YES;
				INFOPLIST_KEY_UIApplicationSupportsIndirectInputEvents = YES;
				INFOPLIST_KEY_UILaunchScreen_Generation = YES;
				INFOPLIST_KEY_UISupportedInterfaceOrientations = UIInterfaceOrientationPortrait;
				INFOPLIST_KEY_UISupportedInterfaceOrientations_iPad = "UIInterfaceOrientationLandscapeLeft UIInterfaceOrientationLandscapeRight UIInterfaceOrientationPortrait UIInterfaceOrientationPortraitUpsideDown";
				IPHONEOS_DEPLOYMENT_TARGET = 26.0;
				LD_RUNPATH_SEARCH_PATHS = (
					"$(inherited)",
					"@executable_path/Frameworks",
				);
				LOCALIZATION_PREFERS_STRING_CATALOGS = YES;
				PRODUCT_BUNDLE_IDENTIFIER = dk.nicolaidam.letsgrow;
				PRODUCT_NAME = "$(TARGET_NAME)";
				REGISTER_APP_GROUPS = YES;
				SUPPORTED_PLATFORMS = "iphoneos iphonesimulator";
				SUPPORTS_MACCATALYST = NO;
				SWIFT_ACTIVE_COMPILATION_CONDITIONS = "DEBUG $(inherited)";
				SWIFT_APPROACHABLE_CONCURRENCY = YES;
				SWIFT_DEFAULT_ACTOR_ISOLATION = MainActor;
				SWIFT_EMIT_LOC_STRINGS = YES;
				SWIFT_STRICT_CONCURRENCY = complete;
				SWIFT_VERSION = 6.0;
				TARGETED_DEVICE_FAMILY = "1,2";
			};
			name = DebugLocalhost;
		};
		28D8884B2E6788FF00F0B6BE /* Release */ = {
			isa = XCBuildConfiguration;
			buildSettings = {
				ASSETCATALOG_COMPILER_APPICON_NAME = AppIcon;
				ASSETCATALOG_COMPILER_GENERATE_SWIFT_ASSET_SYMBOL_EXTENSIONS = YES;
				ASSETCATALOG_COMPILER_GLOBAL_ACCENT_COLOR_NAME = AccentColor;
				ASSETCATALOG_COMPILER_INCLUDE_ALL_APPICON_ASSETS = YES;
				CLANG_CXX_LANGUAGE_STANDARD = "gnu++20";
				CODE_SIGN_ENTITLEMENTS = App/Entitlements.entitlements;
				CODE_SIGN_STYLE = Automatic;
				CURRENT_PROJECT_VERSION = 1;
				DEBUG_INFORMATION_FORMAT = "dwarf-with-dsym";
				DEVELOPMENT_ASSET_PATHS = "\"Resources/Preview Content\"";
				DEVELOPMENT_TEAM = 8B9KRX6NBR;
				ENABLE_APP_SANDBOX = YES;
				ENABLE_HARDENED_RUNTIME = YES;
				ENABLE_OUTGOING_NETWORK_CONNECTIONS = YES;
				ENABLE_PREVIEWS = YES;
				ENABLE_USER_SCRIPT_SANDBOXING = NO;
				GCC_C_LANGUAGE_STANDARD = gnu17;
				GENERATE_INFOPLIST_FILE = YES;
				INFOPLIST_FILE = App/InfoPlist/Info.plist;
				INFOPLIST_KEY_CFBundleDisplayName = "Lets Grow";
				INFOPLIST_KEY_ITSAppUsesNonExemptEncryption = NO;
				INFOPLIST_KEY_LSApplicationCategoryType = "public.app-category.productivity";
				INFOPLIST_KEY_UIApplicationSceneManifest_Generation = YES;
				INFOPLIST_KEY_UIApplicationSupportsIndirectInputEvents = YES;
				INFOPLIST_KEY_UILaunchScreen_Generation = YES;
				INFOPLIST_KEY_UISupportedInterfaceOrientations = UIInterfaceOrientationPortrait;
				INFOPLIST_KEY_UISupportedInterfaceOrientations_iPad = "UIInterfaceOrientationLandscapeLeft UIInterfaceOrientationLandscapeRight UIInterfaceOrientationPortrait UIInterfaceOrientationPortraitUpsideDown";
				IPHONEOS_DEPLOYMENT_TARGET = 26.0;
				LD_RUNPATH_SEARCH_PATHS = (
					"$(inherited)",
					"@executable_path/Frameworks",
				);
				LOCALIZATION_PREFERS_STRING_CATALOGS = YES;
				PRODUCT_BUNDLE_IDENTIFIER = dk.nicolaidam.letsgrow;
				PRODUCT_NAME = "$(TARGET_NAME)";
				REGISTER_APP_GROUPS = YES;
				SUPPORTED_PLATFORMS = "iphoneos iphonesimulator";
				SUPPORTS_MACCATALYST = NO;
				SWIFT_APPROACHABLE_CONCURRENCY = YES;
				SWIFT_DEFAULT_ACTOR_ISOLATION = MainActor;
				SWIFT_EMIT_LOC_STRINGS = YES;
				SWIFT_STRICT_CONCURRENCY = complete;
				SWIFT_VERSION = 6.0;
				TARGETED_DEVICE_FAMILY = "1,2";
			};
			name = Release;
		};
		7A7E44EB2DE85B1400B3C4C4 /* DebugProduction */ = {
			isa = XCBuildConfiguration;
			buildSettings = {
				ASSETCATALOG_COMPILER_APPICON_NAME = AppIcon;
				ASSETCATALOG_COMPILER_GENERATE_SWIFT_ASSET_SYMBOL_EXTENSIONS = YES;
				ASSETCATALOG_COMPILER_GLOBAL_ACCENT_COLOR_NAME = AccentColor;
				CLANG_CXX_LANGUAGE_STANDARD = "gnu++20";
				CODE_SIGN_STYLE = Automatic;
				CURRENT_PROJECT_VERSION = 1;
				DEBUG_INFORMATION_FORMAT = dwarf;
				DEVELOPMENT_TEAM = 8B9KRX6NBR;
				ENABLE_PREVIEWS = YES;
				ENABLE_USER_SCRIPT_SANDBOXING = NO;
				GCC_C_LANGUAGE_STANDARD = gnu17;
				GENERATE_INFOPLIST_FILE = YES;
				INFOPLIST_FILE = App/InfoPlist/Info.plist;
				INFOPLIST_KEY_UIApplicationSceneManifest_Generation = YES;
				INFOPLIST_KEY_UIApplicationSupportsIndirectInputEvents = YES;
				INFOPLIST_KEY_UILaunchScreen_Generation = YES;
				INFOPLIST_KEY_UISupportedInterfaceOrientations_iPad = "UIInterfaceOrientationPortrait UIInterfaceOrientationPortraitUpsideDown UIInterfaceOrientationLandscapeLeft UIInterfaceOrientationLandscapeRight";
				INFOPLIST_KEY_UISupportedInterfaceOrientations_iPhone = "UIInterfaceOrientationPortrait UIInterfaceOrientationLandscapeLeft UIInterfaceOrientationLandscapeRight";
				IPHONEOS_DEPLOYMENT_TARGET = 26.0;
				LD_RUNPATH_SEARCH_PATHS = (
					"$(inherited)",
					"@executable_path/Frameworks",
				);
				LOCALIZATION_PREFERS_STRING_CATALOGS = YES;
				MARKETING_VERSION = 1.0;
				PRODUCT_BUNDLE_IDENTIFIER = dk.nicolaidam.FeedbackError;
				PRODUCT_NAME = "$(TARGET_NAME)";
				SWIFT_ACTIVE_COMPILATION_CONDITIONS = "DEBUG $(inherited)";
				SWIFT_DEFAULT_ACTOR_ISOLATION = MainActor;
				SWIFT_EMIT_LOC_STRINGS = YES;
				SWIFT_STRICT_CONCURRENCY = complete;
				SWIFT_VERSION = 6.0;
				TARGETED_DEVICE_FAMILY = "1,2";
			};
			name = DebugProduction;
		};
		7A7E44EC2DE85B1400B3C4C4 /* DebugLocalhost */ = {
			isa = XCBuildConfiguration;
			buildSettings = {
				ASSETCATALOG_COMPILER_APPICON_NAME = AppIcon;
				ASSETCATALOG_COMPILER_GENERATE_SWIFT_ASSET_SYMBOL_EXTENSIONS = YES;
				ASSETCATALOG_COMPILER_GLOBAL_ACCENT_COLOR_NAME = AccentColor;
				CLANG_CXX_LANGUAGE_STANDARD = "gnu++20";
				CODE_SIGN_STYLE = Automatic;
				CURRENT_PROJECT_VERSION = 1;
				DEVELOPMENT_TEAM = 8B9KRX6NBR;
				ENABLE_PREVIEWS = YES;
				ENABLE_USER_SCRIPT_SANDBOXING = NO;
				GCC_C_LANGUAGE_STANDARD = gnu17;
				GENERATE_INFOPLIST_FILE = YES;
				INFOPLIST_FILE = App/InfoPlist/Info.plist;
				INFOPLIST_KEY_UIApplicationSceneManifest_Generation = YES;
				INFOPLIST_KEY_UIApplicationSupportsIndirectInputEvents = YES;
				INFOPLIST_KEY_UILaunchScreen_Generation = YES;
				INFOPLIST_KEY_UISupportedInterfaceOrientations_iPad = "UIInterfaceOrientationPortrait UIInterfaceOrientationPortraitUpsideDown UIInterfaceOrientationLandscapeLeft UIInterfaceOrientationLandscapeRight";
				INFOPLIST_KEY_UISupportedInterfaceOrientations_iPhone = "UIInterfaceOrientationPortrait UIInterfaceOrientationLandscapeLeft UIInterfaceOrientationLandscapeRight";
				IPHONEOS_DEPLOYMENT_TARGET = 26.0;
				LD_RUNPATH_SEARCH_PATHS = (
					"$(inherited)",
					"@executable_path/Frameworks",
				);
				LOCALIZATION_PREFERS_STRING_CATALOGS = YES;
				MARKETING_VERSION = 1.0;
				PRODUCT_BUNDLE_IDENTIFIER = dk.nicolaidam.FeedbackError;
				PRODUCT_NAME = "$(TARGET_NAME)";
				SWIFT_DEFAULT_ACTOR_ISOLATION = MainActor;
				SWIFT_EMIT_LOC_STRINGS = YES;
				SWIFT_STRICT_CONCURRENCY = complete;
				SWIFT_VERSION = 6.0;
				TARGETED_DEVICE_FAMILY = "1,2";
			};
			name = DebugLocalhost;
		};
		7A7E44ED2DE85B1400B3C4C4 /* Release */ = {
			isa = XCBuildConfiguration;
			buildSettings = {
				ASSETCATALOG_COMPILER_APPICON_NAME = AppIcon;
				ASSETCATALOG_COMPILER_GENERATE_SWIFT_ASSET_SYMBOL_EXTENSIONS = YES;
				ASSETCATALOG_COMPILER_GLOBAL_ACCENT_COLOR_NAME = AccentColor;
				CLANG_CXX_LANGUAGE_STANDARD = "gnu++20";
				CODE_SIGN_STYLE = Automatic;
				CURRENT_PROJECT_VERSION = 1;
				DEVELOPMENT_TEAM = 8B9KRX6NBR;
				ENABLE_PREVIEWS = YES;
				ENABLE_USER_SCRIPT_SANDBOXING = NO;
				GCC_C_LANGUAGE_STANDARD = gnu17;
				GENERATE_INFOPLIST_FILE = YES;
				INFOPLIST_FILE = App/InfoPlist/Info.plist;
				INFOPLIST_KEY_UIApplicationSceneManifest_Generation = YES;
				INFOPLIST_KEY_UIApplicationSupportsIndirectInputEvents = YES;
				INFOPLIST_KEY_UILaunchScreen_Generation = YES;
				INFOPLIST_KEY_UISupportedInterfaceOrientations_iPad = "UIInterfaceOrientationPortrait UIInterfaceOrientationPortraitUpsideDown UIInterfaceOrientationLandscapeLeft UIInterfaceOrientationLandscapeRight";
				INFOPLIST_KEY_UISupportedInterfaceOrientations_iPhone = "UIInterfaceOrientationPortrait UIInterfaceOrientationLandscapeLeft UIInterfaceOrientationLandscapeRight";
				IPHONEOS_DEPLOYMENT_TARGET = 26.0;
				LD_RUNPATH_SEARCH_PATHS = (
					"$(inherited)",
					"@executable_path/Frameworks",
				);
				LOCALIZATION_PREFERS_STRING_CATALOGS = YES;
				MARKETING_VERSION = 1.0;
				PRODUCT_BUNDLE_IDENTIFIER = dk.nicolaidam.FeedbackError;
				PRODUCT_NAME = "$(TARGET_NAME)";
				SWIFT_DEFAULT_ACTOR_ISOLATION = MainActor;
				SWIFT_EMIT_LOC_STRINGS = YES;
				SWIFT_STRICT_CONCURRENCY = complete;
				SWIFT_VERSION = 6.0;
				TARGETED_DEVICE_FAMILY = "1,2";
			};
			name = Release;
		};
		7A9E6BD72DC52223005F4828 /* DebugLocalhost */ = {
			isa = XCBuildConfiguration;
			baseConfigurationReference = 281A89482E69B7AC0002D56C /* localhost.xcconfig */;
			buildSettings = {
				ALWAYS_SEARCH_USER_PATHS = NO;
				ASSETCATALOG_COMPILER_GENERATE_SWIFT_ASSET_SYMBOL_EXTENSIONS = YES;
				CLANG_ANALYZER_NONNULL = YES;
				CLANG_ANALYZER_NUMBER_OBJECT_CONVERSION = YES_AGGRESSIVE;
				CLANG_CXX_LANGUAGE_STANDARD = "gnu++17";
				CLANG_ENABLE_MODULES = YES;
				CLANG_ENABLE_OBJC_ARC = YES;
				CLANG_ENABLE_OBJC_WEAK = YES;
				CLANG_WARN_BLOCK_CAPTURE_AUTORELEASING = YES;
				CLANG_WARN_BOOL_CONVERSION = YES;
				CLANG_WARN_COMMA = YES;
				CLANG_WARN_CONSTANT_CONVERSION = YES;
				CLANG_WARN_DEPRECATED_OBJC_IMPLEMENTATIONS = YES;
				CLANG_WARN_DIRECT_OBJC_ISA_USAGE = YES_ERROR;
				CLANG_WARN_DOCUMENTATION_COMMENTS = YES;
				CLANG_WARN_EMPTY_BODY = YES;
				CLANG_WARN_ENUM_CONVERSION = YES;
				CLANG_WARN_INFINITE_RECURSION = YES;
				CLANG_WARN_INT_CONVERSION = YES;
				CLANG_WARN_NON_LITERAL_NULL_CONVERSION = YES;
				CLANG_WARN_OBJC_IMPLICIT_RETAIN_SELF = YES;
				CLANG_WARN_OBJC_LITERAL_CONVERSION = YES;
				CLANG_WARN_OBJC_ROOT_CLASS = YES_ERROR;
				CLANG_WARN_QUOTED_INCLUDE_IN_FRAMEWORK_HEADER = YES;
				CLANG_WARN_RANGE_LOOP_ANALYSIS = YES;
				CLANG_WARN_STRICT_PROTOTYPES = YES;
				CLANG_WARN_SUSPICIOUS_MOVE = YES;
				CLANG_WARN_UNGUARDED_AVAILABILITY = YES_AGGRESSIVE;
				CLANG_WARN_UNREACHABLE_CODE = YES;
				CLANG_WARN__DUPLICATE_METHOD_MATCH = YES;
				COMPILER_FLAG = debug;
				COPY_PHASE_STRIP = NO;
				DEBUG_INFORMATION_FORMAT = "dwarf-with-dsym";
				DEVELOPMENT_ASSET_PATHS = "";
				DEVELOPMENT_TEAM = 8B9KRX6NBR;
				ENABLE_STRICT_OBJC_MSGSEND = YES;
				ENABLE_TESTABILITY = YES;
				GCC_C_LANGUAGE_STANDARD = gnu11;
				GCC_DYNAMIC_NO_PIC = NO;
				GCC_NO_COMMON_BLOCKS = YES;
				GCC_OPTIMIZATION_LEVEL = 0;
				GCC_PREPROCESSOR_DEFINITIONS = (
					"DEBUG=1",
					"$(inherited)",
				);
				GCC_WARN_64_TO_32_BIT_CONVERSION = YES;
				GCC_WARN_ABOUT_RETURN_TYPE = YES_ERROR;
				GCC_WARN_UNDECLARED_SELECTOR = YES;
				GCC_WARN_UNINITIALIZED_AUTOS = YES_AGGRESSIVE;
				GCC_WARN_UNUSED_FUNCTION = YES;
				GCC_WARN_UNUSED_VARIABLE = YES;
				IPHONEOS_DEPLOYMENT_TARGET = 16.6;
				MTL_ENABLE_DEBUG_INFO = INCLUDE_SOURCE;
				MTL_FAST_MATH = YES;
				ONLY_ACTIVE_ARCH = YES;
				PRODUCT_NAME = "Lets Grow";
				SDKROOT = iphoneos;
				STRING_CATALOG_GENERATE_SYMBOLS = YES;
				SWIFT_ACTIVE_COMPILATION_CONDITIONS = DEBUG;
				SWIFT_APPROACHABLE_CONCURRENCY = YES;
				SWIFT_DEFAULT_ACTOR_ISOLATION = MainActor;
				SWIFT_EMIT_LOC_STRINGS = YES;
				SWIFT_OPTIMIZATION_LEVEL = "-Onone";
				SWIFT_STRICT_CONCURRENCY = complete;
				SWIFT_VERSION = 6.0;
			};
			name = DebugLocalhost;
		};
		7A9E6BD92DC52223005F4828 /* DebugLocalhost */ = {
			isa = XCBuildConfiguration;
			buildSettings = {
				ASSETCATALOG_COMPILER_APPICON_NAME = AppIcon;
				ASSETCATALOG_COMPILER_GENERATE_SWIFT_ASSET_SYMBOL_EXTENSIONS = YES;
				ASSETCATALOG_COMPILER_GLOBAL_ACCENT_COLOR_NAME = AccentColor;
				CLANG_CXX_LANGUAGE_STANDARD = "gnu++20";
				CODE_SIGN_STYLE = Automatic;
				CURRENT_PROJECT_VERSION = 1;
				DEBUG_INFORMATION_FORMAT = dwarf;
				DEVELOPMENT_ASSET_PATHS = "\"Resources/Preview Content\"";
				ENABLE_PREVIEWS = YES;
				ENABLE_USER_SCRIPT_SANDBOXING = NO;
				GCC_C_LANGUAGE_STANDARD = gnu17;
				GENERATE_INFOPLIST_FILE = YES;
				INFOPLIST_FILE = App/InfoPlist/Info.plist;
				INFOPLIST_KEY_UIApplicationSceneManifest_Generation = YES;
				INFOPLIST_KEY_UIApplicationSupportsIndirectInputEvents = YES;
				INFOPLIST_KEY_UILaunchScreen_Generation = YES;
				INFOPLIST_KEY_UISupportedInterfaceOrientations_iPad = "UIInterfaceOrientationPortrait UIInterfaceOrientationPortraitUpsideDown UIInterfaceOrientationLandscapeLeft UIInterfaceOrientationLandscapeRight";
				INFOPLIST_KEY_UISupportedInterfaceOrientations_iPhone = "UIInterfaceOrientationPortrait UIInterfaceOrientationLandscapeLeft UIInterfaceOrientationLandscapeRight";
				IPHONEOS_DEPLOYMENT_TARGET = 26.0;
				LD_RUNPATH_SEARCH_PATHS = (
					"$(inherited)",
					"@executable_path/Frameworks",
				);
				LOCALIZATION_PREFERS_STRING_CATALOGS = YES;
				MARKETING_VERSION = 1.0;
				PRODUCT_BUNDLE_IDENTIFIER = dk.nicolai.FeedbackFlow;
				PRODUCT_NAME = "$(TARGET_NAME)";
				SWIFT_ACTIVE_COMPILATION_CONDITIONS = "DEBUG $(inherited)";
				SWIFT_DEFAULT_ACTOR_ISOLATION = MainActor;
				SWIFT_EMIT_LOC_STRINGS = YES;
				SWIFT_VERSION = 6.0;
				TARGETED_DEVICE_FAMILY = "1,2";
			};
			name = DebugLocalhost;
		};
		7A9E6BDA2DC52223005F4828 /* DebugLocalhost */ = {
			isa = XCBuildConfiguration;
			buildSettings = {
				ASSETCATALOG_COMPILER_GENERATE_SWIFT_ASSET_SYMBOL_EXTENSIONS = YES;
				BUILD_LIBRARY_FOR_DISTRIBUTION = YES;
				CLANG_CXX_LANGUAGE_STANDARD = "gnu++20";
				CODE_SIGN_IDENTITY = "";
				CODE_SIGN_STYLE = Automatic;
				CURRENT_PROJECT_VERSION = 1;
				DEBUG_INFORMATION_FORMAT = dwarf;
				DEFINES_MODULE = NO;
				DYLIB_COMPATIBILITY_VERSION = 1;
				DYLIB_CURRENT_VERSION = 1;
				DYLIB_INSTALL_NAME_BASE = "@rpath";
				ENABLE_MODULE_VERIFIER = YES;
				ENABLE_USER_SCRIPT_SANDBOXING = NO;
				GCC_C_LANGUAGE_STANDARD = gnu17;
				GENERATE_INFOPLIST_FILE = YES;
				INFOPLIST_KEY_NSHumanReadableCopyright = "";
				INSTALL_PATH = "$(LOCAL_LIBRARY_DIR)/Frameworks";
				IPHONEOS_DEPLOYMENT_TARGET = 26.0;
				LD_RUNPATH_SEARCH_PATHS = (
					"$(inherited)",
					"@executable_path/Frameworks",
					"@loader_path/Frameworks",
				);
				LOCALIZATION_PREFERS_STRING_CATALOGS = YES;
				MARKETING_VERSION = 1.0;
				MODULE_VERIFIER_SUPPORTED_LANGUAGES = "objective-c objective-c++";
				MODULE_VERIFIER_SUPPORTED_LANGUAGE_STANDARDS = "gnu17 gnu++20";
				PRODUCT_BUNDLE_IDENTIFIER = dk.nicolaidam.Lint;
				PRODUCT_NAME = "$(TARGET_NAME:c99extidentifier)";
				SKIP_INSTALL = YES;
				SWIFT_ACTIVE_COMPILATION_CONDITIONS = "DEBUG $(inherited)";
				SWIFT_DEFAULT_ACTOR_ISOLATION = MainActor;
				SWIFT_EMIT_LOC_STRINGS = YES;
				SWIFT_INSTALL_OBJC_HEADER = NO;
				SWIFT_VERSION = 6.0;
				TARGETED_DEVICE_FAMILY = "1,2";
				VERSIONING_SYSTEM = "apple-generic";
				VERSION_INFO_PREFIX = "";
			};
			name = DebugLocalhost;
		};
		7A9E6BDB2DC52223005F4828 /* DebugLocalhost */ = {
			isa = XCBuildConfiguration;
			buildSettings = {
				ASSETCATALOG_COMPILER_GENERATE_SWIFT_ASSET_SYMBOL_EXTENSIONS = YES;
				BUILD_LIBRARY_FOR_DISTRIBUTION = YES;
				CLANG_CXX_LANGUAGE_STANDARD = "gnu++20";
				CODE_SIGN_IDENTITY = "";
				CODE_SIGN_STYLE = Automatic;
				CURRENT_PROJECT_VERSION = 1;
				DEBUG_INFORMATION_FORMAT = dwarf;
				DEFINES_MODULE = NO;
				DYLIB_COMPATIBILITY_VERSION = 1;
				DYLIB_CURRENT_VERSION = 1;
				DYLIB_INSTALL_NAME_BASE = "@rpath";
				ENABLE_MODULE_VERIFIER = YES;
				ENABLE_USER_SCRIPT_SANDBOXING = NO;
				GCC_C_LANGUAGE_STANDARD = gnu17;
				GENERATE_INFOPLIST_FILE = YES;
				INFOPLIST_KEY_NSHumanReadableCopyright = "";
				INSTALL_PATH = "$(LOCAL_LIBRARY_DIR)/Frameworks";
				IPHONEOS_DEPLOYMENT_TARGET = 26.0;
				LD_RUNPATH_SEARCH_PATHS = (
					"$(inherited)",
					"@executable_path/Frameworks",
					"@loader_path/Frameworks",
				);
				LOCALIZATION_PREFERS_STRING_CATALOGS = YES;
				MARKETING_VERSION = 1.0;
				MODULE_VERIFIER_SUPPORTED_LANGUAGES = "objective-c objective-c++";
				MODULE_VERIFIER_SUPPORTED_LANGUAGE_STANDARDS = "gnu17 gnu++20";
				PRODUCT_BUNDLE_IDENTIFIER = dk.nicolaidam.OpenApi;
				PRODUCT_NAME = "$(TARGET_NAME:c99extidentifier)";
				SKIP_INSTALL = YES;
				SWIFT_ACTIVE_COMPILATION_CONDITIONS = "DEBUG $(inherited)";
				SWIFT_DEFAULT_ACTOR_ISOLATION = MainActor;
				SWIFT_EMIT_LOC_STRINGS = YES;
				SWIFT_INSTALL_OBJC_HEADER = NO;
				SWIFT_VERSION = 6.0;
				TARGETED_DEVICE_FAMILY = "1,2";
				VERSIONING_SYSTEM = "apple-generic";
				VERSION_INFO_PREFIX = "";
			};
			name = DebugLocalhost;
		};
		7AE155E92D26A31200440870 /* DebugProduction */ = {
			isa = XCBuildConfiguration;
			buildSettings = {
				ASSETCATALOG_COMPILER_GENERATE_SWIFT_ASSET_SYMBOL_EXTENSIONS = YES;
				BUILD_LIBRARY_FOR_DISTRIBUTION = YES;
				CLANG_CXX_LANGUAGE_STANDARD = "gnu++20";
				CODE_SIGN_IDENTITY = "";
				CODE_SIGN_STYLE = Automatic;
				CURRENT_PROJECT_VERSION = 1;
				DEBUG_INFORMATION_FORMAT = dwarf;
				DEFINES_MODULE = NO;
				DYLIB_COMPATIBILITY_VERSION = 1;
				DYLIB_CURRENT_VERSION = 1;
				DYLIB_INSTALL_NAME_BASE = "@rpath";
				ENABLE_MODULE_VERIFIER = YES;
				ENABLE_USER_SCRIPT_SANDBOXING = NO;
				GCC_C_LANGUAGE_STANDARD = gnu17;
				GENERATE_INFOPLIST_FILE = YES;
				INFOPLIST_KEY_NSHumanReadableCopyright = "";
				INSTALL_PATH = "$(LOCAL_LIBRARY_DIR)/Frameworks";
				IPHONEOS_DEPLOYMENT_TARGET = 26.0;
				LD_RUNPATH_SEARCH_PATHS = (
					"$(inherited)",
					"@executable_path/Frameworks",
					"@loader_path/Frameworks",
				);
				LOCALIZATION_PREFERS_STRING_CATALOGS = YES;
				MARKETING_VERSION = 1.0;
				MODULE_VERIFIER_SUPPORTED_LANGUAGES = "objective-c objective-c++";
				MODULE_VERIFIER_SUPPORTED_LANGUAGE_STANDARDS = "gnu17 gnu++20";
				PRODUCT_BUNDLE_IDENTIFIER = dk.nicolaidam.Lint;
				PRODUCT_NAME = "$(TARGET_NAME:c99extidentifier)";
				SKIP_INSTALL = YES;
				SWIFT_ACTIVE_COMPILATION_CONDITIONS = "DEBUG $(inherited)";
				SWIFT_DEFAULT_ACTOR_ISOLATION = MainActor;
				SWIFT_EMIT_LOC_STRINGS = YES;
				SWIFT_INSTALL_OBJC_HEADER = NO;
				SWIFT_VERSION = 6.0;
				TARGETED_DEVICE_FAMILY = "1,2";
				VERSIONING_SYSTEM = "apple-generic";
				VERSION_INFO_PREFIX = "";
			};
			name = DebugProduction;
		};
		7AE155EA2D26A31200440870 /* Release */ = {
			isa = XCBuildConfiguration;
			buildSettings = {
				ASSETCATALOG_COMPILER_GENERATE_SWIFT_ASSET_SYMBOL_EXTENSIONS = YES;
				BUILD_LIBRARY_FOR_DISTRIBUTION = YES;
				CLANG_CXX_LANGUAGE_STANDARD = "gnu++20";
				CODE_SIGN_IDENTITY = "";
				CODE_SIGN_STYLE = Automatic;
				CURRENT_PROJECT_VERSION = 1;
				DEFINES_MODULE = NO;
				DYLIB_COMPATIBILITY_VERSION = 1;
				DYLIB_CURRENT_VERSION = 1;
				DYLIB_INSTALL_NAME_BASE = "@rpath";
				ENABLE_MODULE_VERIFIER = YES;
				ENABLE_USER_SCRIPT_SANDBOXING = NO;
				GCC_C_LANGUAGE_STANDARD = gnu17;
				GENERATE_INFOPLIST_FILE = YES;
				INFOPLIST_KEY_NSHumanReadableCopyright = "";
				INSTALL_PATH = "$(LOCAL_LIBRARY_DIR)/Frameworks";
				IPHONEOS_DEPLOYMENT_TARGET = 26.0;
				LD_RUNPATH_SEARCH_PATHS = (
					"$(inherited)",
					"@executable_path/Frameworks",
					"@loader_path/Frameworks",
				);
				LOCALIZATION_PREFERS_STRING_CATALOGS = YES;
				MARKETING_VERSION = 1.0;
				MODULE_VERIFIER_SUPPORTED_LANGUAGES = "objective-c objective-c++";
				MODULE_VERIFIER_SUPPORTED_LANGUAGE_STANDARDS = "gnu17 gnu++20";
				PRODUCT_BUNDLE_IDENTIFIER = dk.nicolaidam.Lint;
				PRODUCT_NAME = "$(TARGET_NAME:c99extidentifier)";
				SKIP_INSTALL = YES;
				SWIFT_DEFAULT_ACTOR_ISOLATION = MainActor;
				SWIFT_EMIT_LOC_STRINGS = YES;
				SWIFT_INSTALL_OBJC_HEADER = NO;
				SWIFT_VERSION = 6.0;
				TARGETED_DEVICE_FAMILY = "1,2";
				VERSIONING_SYSTEM = "apple-generic";
				VERSION_INFO_PREFIX = "";
			};
			name = Release;
		};
		7AE1562D2D26AD4900440870 /* DebugProduction */ = {
			isa = XCBuildConfiguration;
			buildSettings = {
				ASSETCATALOG_COMPILER_GENERATE_SWIFT_ASSET_SYMBOL_EXTENSIONS = YES;
				BUILD_LIBRARY_FOR_DISTRIBUTION = YES;
				CLANG_CXX_LANGUAGE_STANDARD = "gnu++20";
				CODE_SIGN_IDENTITY = "";
				CODE_SIGN_STYLE = Automatic;
				CURRENT_PROJECT_VERSION = 1;
				DEBUG_INFORMATION_FORMAT = dwarf;
				DEFINES_MODULE = NO;
				DYLIB_COMPATIBILITY_VERSION = 1;
				DYLIB_CURRENT_VERSION = 1;
				DYLIB_INSTALL_NAME_BASE = "@rpath";
				ENABLE_MODULE_VERIFIER = YES;
				ENABLE_USER_SCRIPT_SANDBOXING = NO;
				GCC_C_LANGUAGE_STANDARD = gnu17;
				GENERATE_INFOPLIST_FILE = YES;
				INFOPLIST_KEY_NSHumanReadableCopyright = "";
				INSTALL_PATH = "$(LOCAL_LIBRARY_DIR)/Frameworks";
				IPHONEOS_DEPLOYMENT_TARGET = 26.0;
				LD_RUNPATH_SEARCH_PATHS = (
					"$(inherited)",
					"@executable_path/Frameworks",
					"@loader_path/Frameworks",
				);
				LOCALIZATION_PREFERS_STRING_CATALOGS = YES;
				MARKETING_VERSION = 1.0;
				MODULE_VERIFIER_SUPPORTED_LANGUAGES = "objective-c objective-c++";
				MODULE_VERIFIER_SUPPORTED_LANGUAGE_STANDARDS = "gnu17 gnu++20";
				PRODUCT_BUNDLE_IDENTIFIER = dk.nicolaidam.OpenApi;
				PRODUCT_NAME = "$(TARGET_NAME:c99extidentifier)";
				SKIP_INSTALL = YES;
				SWIFT_ACTIVE_COMPILATION_CONDITIONS = "DEBUG $(inherited)";
				SWIFT_DEFAULT_ACTOR_ISOLATION = MainActor;
				SWIFT_EMIT_LOC_STRINGS = YES;
				SWIFT_INSTALL_OBJC_HEADER = NO;
				SWIFT_VERSION = 6.0;
				TARGETED_DEVICE_FAMILY = "1,2";
				VERSIONING_SYSTEM = "apple-generic";
				VERSION_INFO_PREFIX = "";
			};
			name = DebugProduction;
		};
		7AE1562E2D26AD4900440870 /* Release */ = {
			isa = XCBuildConfiguration;
			buildSettings = {
				ASSETCATALOG_COMPILER_GENERATE_SWIFT_ASSET_SYMBOL_EXTENSIONS = YES;
				BUILD_LIBRARY_FOR_DISTRIBUTION = YES;
				CLANG_CXX_LANGUAGE_STANDARD = "gnu++20";
				CODE_SIGN_IDENTITY = "";
				CODE_SIGN_STYLE = Automatic;
				CURRENT_PROJECT_VERSION = 1;
				DEFINES_MODULE = NO;
				DYLIB_COMPATIBILITY_VERSION = 1;
				DYLIB_CURRENT_VERSION = 1;
				DYLIB_INSTALL_NAME_BASE = "@rpath";
				ENABLE_MODULE_VERIFIER = YES;
				ENABLE_USER_SCRIPT_SANDBOXING = NO;
				GCC_C_LANGUAGE_STANDARD = gnu17;
				GENERATE_INFOPLIST_FILE = YES;
				INFOPLIST_KEY_NSHumanReadableCopyright = "";
				INSTALL_PATH = "$(LOCAL_LIBRARY_DIR)/Frameworks";
				IPHONEOS_DEPLOYMENT_TARGET = 26.0;
				LD_RUNPATH_SEARCH_PATHS = (
					"$(inherited)",
					"@executable_path/Frameworks",
					"@loader_path/Frameworks",
				);
				LOCALIZATION_PREFERS_STRING_CATALOGS = YES;
				MARKETING_VERSION = 1.0;
				MODULE_VERIFIER_SUPPORTED_LANGUAGES = "objective-c objective-c++";
				MODULE_VERIFIER_SUPPORTED_LANGUAGE_STANDARDS = "gnu17 gnu++20";
				PRODUCT_BUNDLE_IDENTIFIER = dk.nicolaidam.OpenApi;
				PRODUCT_NAME = "$(TARGET_NAME:c99extidentifier)";
				SKIP_INSTALL = YES;
				SWIFT_DEFAULT_ACTOR_ISOLATION = MainActor;
				SWIFT_EMIT_LOC_STRINGS = YES;
				SWIFT_INSTALL_OBJC_HEADER = NO;
				SWIFT_VERSION = 6.0;
				TARGETED_DEVICE_FAMILY = "1,2";
				VERSIONING_SYSTEM = "apple-generic";
				VERSION_INFO_PREFIX = "";
			};
			name = Release;
		};
		B1057F412843FD8700B9EE2F /* Release */ = {
			isa = XCBuildConfiguration;
			baseConfigurationReference = 281A89492E69B7AC0002D56C /* production.xcconfig */;
			buildSettings = {
				ALWAYS_SEARCH_USER_PATHS = NO;
				ASSETCATALOG_COMPILER_GENERATE_SWIFT_ASSET_SYMBOL_EXTENSIONS = YES;
				CLANG_ANALYZER_NONNULL = YES;
				CLANG_ANALYZER_NUMBER_OBJECT_CONVERSION = YES_AGGRESSIVE;
				CLANG_CXX_LANGUAGE_STANDARD = "gnu++17";
				CLANG_ENABLE_MODULES = YES;
				CLANG_ENABLE_OBJC_ARC = YES;
				CLANG_ENABLE_OBJC_WEAK = YES;
				CLANG_WARN_BLOCK_CAPTURE_AUTORELEASING = YES;
				CLANG_WARN_BOOL_CONVERSION = YES;
				CLANG_WARN_COMMA = YES;
				CLANG_WARN_CONSTANT_CONVERSION = YES;
				CLANG_WARN_DEPRECATED_OBJC_IMPLEMENTATIONS = YES;
				CLANG_WARN_DIRECT_OBJC_ISA_USAGE = YES_ERROR;
				CLANG_WARN_DOCUMENTATION_COMMENTS = YES;
				CLANG_WARN_EMPTY_BODY = YES;
				CLANG_WARN_ENUM_CONVERSION = YES;
				CLANG_WARN_INFINITE_RECURSION = YES;
				CLANG_WARN_INT_CONVERSION = YES;
				CLANG_WARN_NON_LITERAL_NULL_CONVERSION = YES;
				CLANG_WARN_OBJC_IMPLICIT_RETAIN_SELF = YES;
				CLANG_WARN_OBJC_LITERAL_CONVERSION = YES;
				CLANG_WARN_OBJC_ROOT_CLASS = YES_ERROR;
				CLANG_WARN_QUOTED_INCLUDE_IN_FRAMEWORK_HEADER = YES;
				CLANG_WARN_RANGE_LOOP_ANALYSIS = YES;
				CLANG_WARN_STRICT_PROTOTYPES = YES;
				CLANG_WARN_SUSPICIOUS_MOVE = YES;
				CLANG_WARN_UNGUARDED_AVAILABILITY = YES_AGGRESSIVE;
				CLANG_WARN_UNREACHABLE_CODE = YES;
				CLANG_WARN__DUPLICATE_METHOD_MATCH = YES;
				COMPILER_FLAG = release;
				COPY_PHASE_STRIP = NO;
				DEBUG_INFORMATION_FORMAT = "dwarf-with-dsym";
				DEVELOPMENT_ASSET_PATHS = "";
				DEVELOPMENT_TEAM = 8B9KRX6NBR;
				ENABLE_NS_ASSERTIONS = NO;
				ENABLE_STRICT_OBJC_MSGSEND = YES;
				GCC_C_LANGUAGE_STANDARD = gnu11;
				GCC_NO_COMMON_BLOCKS = YES;
				GCC_WARN_64_TO_32_BIT_CONVERSION = YES;
				GCC_WARN_ABOUT_RETURN_TYPE = YES_ERROR;
				GCC_WARN_UNDECLARED_SELECTOR = YES;
				GCC_WARN_UNINITIALIZED_AUTOS = YES_AGGRESSIVE;
				GCC_WARN_UNUSED_FUNCTION = YES;
				GCC_WARN_UNUSED_VARIABLE = YES;
				IPHONEOS_DEPLOYMENT_TARGET = 16.6;
				MTL_ENABLE_DEBUG_INFO = NO;
				MTL_FAST_MATH = YES;
				PRODUCT_NAME = "Lets Grow";
				SDKROOT = iphoneos;
				STRING_CATALOG_GENERATE_SYMBOLS = YES;
				SWIFT_APPROACHABLE_CONCURRENCY = YES;
				SWIFT_COMPILATION_MODE = wholemodule;
				SWIFT_DEFAULT_ACTOR_ISOLATION = MainActor;
				SWIFT_EMIT_LOC_STRINGS = YES;
				SWIFT_OPTIMIZATION_LEVEL = "-O";
				SWIFT_STRICT_CONCURRENCY = complete;
				SWIFT_VERSION = 6.0;
				VALIDATE_PRODUCT = YES;
			};
			name = Release;
		};
		C3E527A72EA8AC6C005FECFC /* DebugProduction */ = {
			isa = XCBuildConfiguration;
			buildSettings = {
				ASSETCATALOG_COMPILER_APPICON_NAME = AppIcon;
				ASSETCATALOG_COMPILER_GENERATE_SWIFT_ASSET_SYMBOL_EXTENSIONS = YES;
				ASSETCATALOG_COMPILER_GLOBAL_ACCENT_COLOR_NAME = AccentColor;
				ASSETCATALOG_COMPILER_INCLUDE_ALL_APPICON_ASSETS = YES;
				CLANG_CXX_LANGUAGE_STANDARD = "gnu++20";
				CODE_SIGN_ENTITLEMENTS = App/Entitlements.entitlements;
				CODE_SIGN_STYLE = Automatic;
				CURRENT_PROJECT_VERSION = 1;
				DEBUG_INFORMATION_FORMAT = "dwarf-with-dsym";
				DEVELOPMENT_ASSET_PATHS = "\"Resources/Preview Content\"";
				DEVELOPMENT_TEAM = 8B9KRX6NBR;
				ENABLE_APP_SANDBOX = YES;
				ENABLE_HARDENED_RUNTIME = YES;
				ENABLE_OUTGOING_NETWORK_CONNECTIONS = YES;
				ENABLE_PREVIEWS = YES;
				ENABLE_USER_SCRIPT_SANDBOXING = NO;
				GCC_C_LANGUAGE_STANDARD = gnu17;
				GENERATE_INFOPLIST_FILE = YES;
				INFOPLIST_FILE = App/InfoPlist/Info.plist;
				INFOPLIST_KEY_CFBundleDisplayName = "Lets Grow";
				INFOPLIST_KEY_ITSAppUsesNonExemptEncryption = NO;
				INFOPLIST_KEY_LSApplicationCategoryType = "public.app-category.productivity";
				INFOPLIST_KEY_UIApplicationSceneManifest_Generation = YES;
				INFOPLIST_KEY_UIApplicationSupportsIndirectInputEvents = YES;
				INFOPLIST_KEY_UILaunchScreen_Generation = YES;
				INFOPLIST_KEY_UISupportedInterfaceOrientations = UIInterfaceOrientationPortrait;
				INFOPLIST_KEY_UISupportedInterfaceOrientations_iPad = "UIInterfaceOrientationLandscapeLeft UIInterfaceOrientationLandscapeRight UIInterfaceOrientationPortrait UIInterfaceOrientationPortraitUpsideDown";
				IPHONEOS_DEPLOYMENT_TARGET = 26.0;
				LD_RUNPATH_SEARCH_PATHS = (
					"$(inherited)",
					"@executable_path/Frameworks",
				);
				LOCALIZATION_PREFERS_STRING_CATALOGS = YES;
				MARKETING_VERSION = "$(MARKETING_VERSION)";
				PRODUCT_BUNDLE_IDENTIFIER = dk.nicolaidam.letsgrow;
				PRODUCT_NAME = "$(TARGET_NAME)";
				REGISTER_APP_GROUPS = YES;
				SUPPORTED_PLATFORMS = "iphoneos iphonesimulator";
				SUPPORTS_MACCATALYST = NO;
				SWIFT_ACTIVE_COMPILATION_CONDITIONS = "DEBUG $(inherited)";
				SWIFT_APPROACHABLE_CONCURRENCY = YES;
				SWIFT_DEFAULT_ACTOR_ISOLATION = MainActor;
				SWIFT_EMIT_LOC_STRINGS = YES;
				SWIFT_STRICT_CONCURRENCY = complete;
				SWIFT_VERSION = 6.0;
				TARGETED_DEVICE_FAMILY = "1,2";
			};
			name = DebugProduction;
		};
		C3E527A82EA8AC6C005FECFC /* DebugLocalhost */ = {
			isa = XCBuildConfiguration;
			buildSettings = {
				ASSETCATALOG_COMPILER_APPICON_NAME = AppIcon;
				ASSETCATALOG_COMPILER_GENERATE_SWIFT_ASSET_SYMBOL_EXTENSIONS = YES;
				ASSETCATALOG_COMPILER_GLOBAL_ACCENT_COLOR_NAME = AccentColor;
				ASSETCATALOG_COMPILER_INCLUDE_ALL_APPICON_ASSETS = YES;
				CLANG_CXX_LANGUAGE_STANDARD = "gnu++20";
				CODE_SIGN_ENTITLEMENTS = App/Entitlements.entitlements;
				CODE_SIGN_STYLE = Automatic;
				CURRENT_PROJECT_VERSION = 1;
				DEBUG_INFORMATION_FORMAT = "dwarf-with-dsym";
				DEVELOPMENT_ASSET_PATHS = "\"Resources/Preview Content\"";
				DEVELOPMENT_TEAM = 8B9KRX6NBR;
				ENABLE_APP_SANDBOX = YES;
				ENABLE_HARDENED_RUNTIME = YES;
				ENABLE_OUTGOING_NETWORK_CONNECTIONS = YES;
				ENABLE_PREVIEWS = YES;
				ENABLE_USER_SCRIPT_SANDBOXING = NO;
				GCC_C_LANGUAGE_STANDARD = gnu17;
				GENERATE_INFOPLIST_FILE = YES;
				INFOPLIST_FILE = App/InfoPlist/Info.plist;
				INFOPLIST_KEY_CFBundleDisplayName = "Lets Grow";
				INFOPLIST_KEY_ITSAppUsesNonExemptEncryption = NO;
				INFOPLIST_KEY_LSApplicationCategoryType = "public.app-category.productivity";
				INFOPLIST_KEY_UIApplicationSceneManifest_Generation = YES;
				INFOPLIST_KEY_UIApplicationSupportsIndirectInputEvents = YES;
				INFOPLIST_KEY_UILaunchScreen_Generation = YES;
				INFOPLIST_KEY_UISupportedInterfaceOrientations = UIInterfaceOrientationPortrait;
				INFOPLIST_KEY_UISupportedInterfaceOrientations_iPad = "UIInterfaceOrientationLandscapeLeft UIInterfaceOrientationLandscapeRight UIInterfaceOrientationPortrait UIInterfaceOrientationPortraitUpsideDown";
				IPHONEOS_DEPLOYMENT_TARGET = 26.0;
				LD_RUNPATH_SEARCH_PATHS = (
					"$(inherited)",
					"@executable_path/Frameworks",
				);
				LOCALIZATION_PREFERS_STRING_CATALOGS = YES;
				MARKETING_VERSION = "$(MARKETING_VERSION)";
				PRODUCT_BUNDLE_IDENTIFIER = dk.nicolaidam.letsgrow;
				PRODUCT_NAME = "$(TARGET_NAME)";
				REGISTER_APP_GROUPS = YES;
				SUPPORTED_PLATFORMS = "iphoneos iphonesimulator";
				SUPPORTS_MACCATALYST = NO;
				SWIFT_ACTIVE_COMPILATION_CONDITIONS = "DEBUG $(inherited)";
				SWIFT_APPROACHABLE_CONCURRENCY = YES;
				SWIFT_DEFAULT_ACTOR_ISOLATION = MainActor;
				SWIFT_EMIT_LOC_STRINGS = YES;
				SWIFT_STRICT_CONCURRENCY = complete;
				SWIFT_VERSION = 6.0;
				TARGETED_DEVICE_FAMILY = "1,2";
			};
			name = DebugLocalhost;
		};
		C3E527A92EA8AC6C005FECFC /* Release */ = {
			isa = XCBuildConfiguration;
			buildSettings = {
				ASSETCATALOG_COMPILER_APPICON_NAME = AppIcon;
				ASSETCATALOG_COMPILER_GENERATE_SWIFT_ASSET_SYMBOL_EXTENSIONS = YES;
				ASSETCATALOG_COMPILER_GLOBAL_ACCENT_COLOR_NAME = AccentColor;
				ASSETCATALOG_COMPILER_INCLUDE_ALL_APPICON_ASSETS = YES;
				CLANG_CXX_LANGUAGE_STANDARD = "gnu++20";
				CODE_SIGN_ENTITLEMENTS = App/Entitlements.entitlements;
				CODE_SIGN_STYLE = Automatic;
				CURRENT_PROJECT_VERSION = 1;
				DEBUG_INFORMATION_FORMAT = "dwarf-with-dsym";
				DEVELOPMENT_ASSET_PATHS = "\"Resources/Preview Content\"";
				DEVELOPMENT_TEAM = 8B9KRX6NBR;
				ENABLE_APP_SANDBOX = YES;
				ENABLE_HARDENED_RUNTIME = YES;
				ENABLE_OUTGOING_NETWORK_CONNECTIONS = YES;
				ENABLE_PREVIEWS = YES;
				ENABLE_USER_SCRIPT_SANDBOXING = NO;
				GCC_C_LANGUAGE_STANDARD = gnu17;
				GENERATE_INFOPLIST_FILE = YES;
				INFOPLIST_FILE = App/InfoPlist/Info.plist;
				INFOPLIST_KEY_CFBundleDisplayName = "Lets Grow";
				INFOPLIST_KEY_ITSAppUsesNonExemptEncryption = NO;
				INFOPLIST_KEY_LSApplicationCategoryType = "public.app-category.productivity";
				INFOPLIST_KEY_UIApplicationSceneManifest_Generation = YES;
				INFOPLIST_KEY_UIApplicationSupportsIndirectInputEvents = YES;
				INFOPLIST_KEY_UILaunchScreen_Generation = YES;
				INFOPLIST_KEY_UISupportedInterfaceOrientations = UIInterfaceOrientationPortrait;
				INFOPLIST_KEY_UISupportedInterfaceOrientations_iPad = "UIInterfaceOrientationLandscapeLeft UIInterfaceOrientationLandscapeRight UIInterfaceOrientationPortrait UIInterfaceOrientationPortraitUpsideDown";
				IPHONEOS_DEPLOYMENT_TARGET = 26.0;
				LD_RUNPATH_SEARCH_PATHS = (
					"$(inherited)",
					"@executable_path/Frameworks",
				);
				LOCALIZATION_PREFERS_STRING_CATALOGS = YES;
				MARKETING_VERSION = "$(MARKETING_VERSION)";
				PRODUCT_BUNDLE_IDENTIFIER = dk.nicolaidam.letsgrow;
				PRODUCT_NAME = "$(TARGET_NAME)";
				REGISTER_APP_GROUPS = YES;
				SUPPORTED_PLATFORMS = "iphoneos iphonesimulator";
				SUPPORTS_MACCATALYST = NO;
				SWIFT_APPROACHABLE_CONCURRENCY = YES;
				SWIFT_DEFAULT_ACTOR_ISOLATION = MainActor;
				SWIFT_EMIT_LOC_STRINGS = YES;
				SWIFT_STRICT_CONCURRENCY = complete;
				SWIFT_VERSION = 6.0;
				TARGETED_DEVICE_FAMILY = "1,2";
			};
			name = Release;
		};
/* End XCBuildConfiguration section */

/* Begin XCConfigurationList section */
		2892AA442C0F89C700F12E83 /* Build configuration list for PBXNativeTarget "Preview App Feedback Flow" */ = {
			isa = XCConfigurationList;
			buildConfigurations = (
				2892AA412C0F89C700F12E83 /* DebugProduction */,
				7A9E6BD92DC52223005F4828 /* DebugLocalhost */,
				2892AA422C0F89C700F12E83 /* Release */,
			);
			defaultConfigurationIsVisible = 0;
			defaultConfigurationName = Release;
		};
		28A0500E2E786F9E00CC7316 /* Build configuration list for PBXNativeTarget "Preview App Question Picker" */ = {
			isa = XCConfigurationList;
			buildConfigurations = (
				28A0500F2E786F9E00CC7316 /* DebugProduction */,
				28A050102E786F9E00CC7316 /* DebugLocalhost */,
				28A050112E786F9E00CC7316 /* Release */,
			);
			defaultConfigurationIsVisible = 0;
			defaultConfigurationName = Release;
		};
		28D888482E6788FF00F0B6BE /* Build configuration list for PBXNativeTarget "App" */ = {
			isa = XCConfigurationList;
			buildConfigurations = (
				28D888492E6788FF00F0B6BE /* DebugProduction */,
				28D8884A2E6788FF00F0B6BE /* DebugLocalhost */,
				28D8884B2E6788FF00F0B6BE /* Release */,
			);
			defaultConfigurationIsVisible = 0;
			defaultConfigurationName = Release;
		};
		7A7E44EA2DE85B1400B3C4C4 /* Build configuration list for PBXNativeTarget "Preview App Error" */ = {
			isa = XCConfigurationList;
			buildConfigurations = (
				7A7E44EB2DE85B1400B3C4C4 /* DebugProduction */,
				7A7E44EC2DE85B1400B3C4C4 /* DebugLocalhost */,
				7A7E44ED2DE85B1400B3C4C4 /* Release */,
			);
			defaultConfigurationIsVisible = 0;
			defaultConfigurationName = Release;
		};
		7AE155E72D26A31200440870 /* Build configuration list for PBXNativeTarget "Auto Lint" */ = {
			isa = XCConfigurationList;
			buildConfigurations = (
				7AE155E92D26A31200440870 /* DebugProduction */,
				7A9E6BDA2DC52223005F4828 /* DebugLocalhost */,
				7AE155EA2D26A31200440870 /* Release */,
			);
			defaultConfigurationIsVisible = 0;
			defaultConfigurationName = Release;
		};
		7AE1562B2D26AD4900440870 /* Build configuration list for PBXNativeTarget "Fetch OpenApi" */ = {
			isa = XCConfigurationList;
			buildConfigurations = (
				7AE1562D2D26AD4900440870 /* DebugProduction */,
				7A9E6BDB2DC52223005F4828 /* DebugLocalhost */,
				7AE1562E2D26AD4900440870 /* Release */,
			);
			defaultConfigurationIsVisible = 0;
			defaultConfigurationName = Release;
		};
		B1057F2F2843FD8600B9EE2F /* Build configuration list for PBXProject "Feedback" */ = {
			isa = XCConfigurationList;
			buildConfigurations = (
				2867BED7299AC324001A11DD /* DebugProduction */,
				7A9E6BD72DC52223005F4828 /* DebugLocalhost */,
				B1057F412843FD8700B9EE2F /* Release */,
			);
			defaultConfigurationIsVisible = 0;
			defaultConfigurationName = Release;
		};
		C3E527A62EA8AC6C005FECFC /* Build configuration list for PBXNativeTarget "AppMock" */ = {
			isa = XCConfigurationList;
			buildConfigurations = (
				C3E527A72EA8AC6C005FECFC /* DebugProduction */,
				C3E527A82EA8AC6C005FECFC /* DebugLocalhost */,
				C3E527A92EA8AC6C005FECFC /* Release */,
			);
			defaultConfigurationIsVisible = 0;
			defaultConfigurationName = Release;
		};
/* End XCConfigurationList section */

/* Begin XCSwiftPackageProductDependency section */
		285E15C42E69C28800C1B766 /* RootFeature */ = {
			isa = XCSwiftPackageProductDependency;
			productName = RootFeature;
		};
		285F02882C12328F00AE8942 /* FeedbackFlow */ = {
			isa = XCSwiftPackageProductDependency;
			productName = FeedbackFlow;
		};
		288EC1292E7B40E200544CCE /* Adapters */ = {
			isa = XCSwiftPackageProductDependency;
			productName = Adapters;
		};
		28A04FFE2E786F9E00CC7316 /* FeedbackFlow */ = {
			isa = XCSwiftPackageProductDependency;
			productName = FeedbackFlow;
		};
		28A04FFF2E786F9E00CC7316 /* FeedbackFlowFeature */ = {
			isa = XCSwiftPackageProductDependency;
			productName = FeedbackFlowFeature;
		};
		28A050002E786F9E00CC7316 /* RootFeature */ = {
			isa = XCSwiftPackageProductDependency;
			productName = RootFeature;
		};
		28D8883B2E6788FF00F0B6BE /* InfoPlist */ = {
			isa = XCSwiftPackageProductDependency;
			productName = InfoPlist;
		};
		28D8883C2E6788FF00F0B6BE /* RootFeature */ = {
			isa = XCSwiftPackageProductDependency;
			productName = RootFeature;
		};
		7A7D2D852E13D184008B31F0 /* FeedbackFlowFeature */ = {
			isa = XCSwiftPackageProductDependency;
			productName = FeedbackFlowFeature;
		};
		7A7E44EE2DE85B4800B3C4C4 /* AppCore */ = {
			isa = XCSwiftPackageProductDependency;
			productName = AppCore;
		};
		7ABB22252E17F061006B6865 /* RootFeature */ = {
			isa = XCSwiftPackageProductDependency;
			productName = RootFeature;
		};
		C3E527912EA8AC6C005FECFC /* InfoPlist */ = {
			isa = XCSwiftPackageProductDependency;
			productName = InfoPlist;
		};
		C3E527922EA8AC6C005FECFC /* RootFeature */ = {
			isa = XCSwiftPackageProductDependency;
			productName = RootFeature;
		};
		C3E527932EA8AC6C005FECFC /* Adapters */ = {
			isa = XCSwiftPackageProductDependency;
			productName = Adapters;
		};
/* End XCSwiftPackageProductDependency section */
	};
	rootObject = B1057F2C2843FD8600B9EE2F /* Project object */;
}
